// !$*UTF8*$!
{
	archiveVersion = 1;
	classes = {
	};
	objectVersion = 56;
	objects = {

/* Begin PBXBuildFile section */
		8790EFFB294BB997000FC1CE /* WaveTideChatBotApp.swift in Sources */ = {isa = PBXBuildFile; fileRef = 8790EFFA294BB997000FC1CE /* WaveTideChatBotApp.swift */; };
		8790EFFD294BB997000FC1CE /* ContentView.swift in Sources */ = {isa = PBXBuildFile; fileRef = 8790EFFC294BB997000FC1CE /* ContentView.swift */; };
		8790EFFF294BB998000FC1CE /* Assets.xcassets in Resources */ = {isa = PBXBuildFile; fileRef = 8790EFFE294BB998000FC1CE /* Assets.xcassets */; };
		8790F003294BB998000FC1CE /* Preview Assets.xcassets in Resources */ = {isa = PBXBuildFile; fileRef = 8790F002294BB998000FC1CE /* Preview Assets.xcassets */; };
		8790F00D294BB998000FC1CE /* WaveTideChatBotTests.swift in Sources */ = {isa = PBXBuildFile; fileRef = 8790F00C294BB998000FC1CE /* WaveTideChatBotTests.swift */; };
		8790F017294BB998000FC1CE /* WaveTideChatBotUITests.swift in Sources */ = {isa = PBXBuildFile; fileRef = 8790F016294BB998000FC1CE /* WaveTideChatBotUITests.swift */; };
		8790F019294BB998000FC1CE /* WaveTideChatBotUITestsLaunchTests.swift in Sources */ = {isa = PBXBuildFile; fileRef = 8790F018294BB998000FC1CE /* WaveTideChatBotUITestsLaunchTests.swift */; };
		8790F026294BB9DB000FC1CE /* BotResponse.swift in Sources */ = {isa = PBXBuildFile; fileRef = 8790F025294BB9DB000FC1CE /* BotResponse.swift */; };
/* End PBXBuildFile section */

/* Begin PBXContainerItemProxy section */
		8790F009294BB998000FC1CE /* PBXContainerItemProxy */ = {
			isa = PBXContainerItemProxy;
			containerPortal = 8790EFEF294BB997000FC1CE /* Project object */;
			proxyType = 1;
			remoteGlobalIDString = 8790EFF6294BB997000FC1CE;
			remoteInfo = WaveTideChatBot;
		};
		8790F013294BB998000FC1CE /* PBXContainerItemProxy */ = {
			isa = PBXContainerItemProxy;
			containerPortal = 8790EFEF294BB997000FC1CE /* Project object */;
			proxyType = 1;
			remoteGlobalIDString = 8790EFF6294BB997000FC1CE;
			remoteInfo = WaveTideChatBot;
		};
/* End PBXContainerItemProxy section */

/* Begin PBXFileReference section */
		8790EFF7294BB997000FC1CE /* WaveTideChatBot.app */ = {isa = PBXFileReference; explicitFileType = wrapper.application; includeInIndex = 0; path = WaveTideChatBot.app; sourceTree = BUILT_PRODUCTS_DIR; };
		8790EFFA294BB997000FC1CE /* WaveTideChatBotApp.swift */ = {isa = PBXFileReference; lastKnownFileType = sourcecode.swift; path = WaveTideChatBotApp.swift; sourceTree = "<group>"; };
		8790EFFC294BB997000FC1CE /* ContentView.swift */ = {isa = PBXFileReference; lastKnownFileType = sourcecode.swift; path = ContentView.swift; sourceTree = "<group>"; };
		8790EFFE294BB998000FC1CE /* Assets.xcassets */ = {isa = PBXFileReference; lastKnownFileType = folder.assetcatalog; path = Assets.xcassets; sourceTree = "<group>"; };
		8790F000294BB998000FC1CE /* WaveTideChatBot.entitlements */ = {isa = PBXFileReference; lastKnownFileType = text.plist.entitlements; path = WaveTideChatBot.entitlements; sourceTree = "<group>"; };
		8790F002294BB998000FC1CE /* Preview Assets.xcassets */ = {isa = PBXFileReference; lastKnownFileType = folder.assetcatalog; path = "Preview Assets.xcassets"; sourceTree = "<group>"; };
		8790F008294BB998000FC1CE /* WaveTideChatBotTests.xctest */ = {isa = PBXFileReference; explicitFileType = wrapper.cfbundle; includeInIndex = 0; path = WaveTideChatBotTests.xctest; sourceTree = BUILT_PRODUCTS_DIR; };
		8790F00C294BB998000FC1CE /* WaveTideChatBotTests.swift */ = {isa = PBXFileReference; lastKnownFileType = sourcecode.swift; path = WaveTideChatBotTests.swift; sourceTree = "<group>"; };
		8790F012294BB998000FC1CE /* WaveTideChatBotUITests.xctest */ = {isa = PBXFileReference; explicitFileType = wrapper.cfbundle; includeInIndex = 0; path = WaveTideChatBotUITests.xctest; sourceTree = BUILT_PRODUCTS_DIR; };
		8790F016294BB998000FC1CE /* WaveTideChatBotUITests.swift */ = {isa = PBXFileReference; lastKnownFileType = sourcecode.swift; path = WaveTideChatBotUITests.swift; sourceTree = "<group>"; };
		8790F018294BB998000FC1CE /* WaveTideChatBotUITestsLaunchTests.swift */ = {isa = PBXFileReference; lastKnownFileType = sourcecode.swift; path = WaveTideChatBotUITestsLaunchTests.swift; sourceTree = "<group>"; };
		8790F025294BB9DB000FC1CE /* BotResponse.swift */ = {isa = PBXFileReference; lastKnownFileType = sourcecode.swift; path = BotResponse.swift; sourceTree = "<group>"; };
/* End PBXFileReference section */

/* Begin PBXFrameworksBuildPhase section */
		8790EFF4294BB997000FC1CE /* Frameworks */ = {
			isa = PBXFrameworksBuildPhase;
			buildActionMask = 2147483647;
			files = (
			);
			runOnlyForDeploymentPostprocessing = 0;
		};
		8790F005294BB998000FC1CE /* Frameworks */ = {
			isa = PBXFrameworksBuildPhase;
			buildActionMask = 2147483647;
			files = (
			);
			runOnlyForDeploymentPostprocessing = 0;
		};
		8790F00F294BB998000FC1CE /* Frameworks */ = {
			isa = PBXFrameworksBuildPhase;
			buildActionMask = 2147483647;
			files = (
			);
			runOnlyForDeploymentPostprocessing = 0;
		};
/* End PBXFrameworksBuildPhase section */

/* Begin PBXGroup section */
		8790EFEE294BB997000FC1CE = {
			isa = PBXGroup;
			children = (
				8790EFF9294BB997000FC1CE /* WaveTideChatBot */,
				8790F00B294BB998000FC1CE /* WaveTideChatBotTests */,
				8790F015294BB998000FC1CE /* WaveTideChatBotUITests */,
				8790EFF8294BB997000FC1CE /* Products */,
			);
			sourceTree = "<group>";
		};
		8790EFF8294BB997000FC1CE /* Products */ = {
			isa = PBXGroup;
			children = (
				8790EFF7294BB997000FC1CE /* WaveTideChatBot.app */,
				8790F008294BB998000FC1CE /* WaveTideChatBotTests.xctest */,
				8790F012294BB998000FC1CE /* WaveTideChatBotUITests.xctest */,
			);
			name = Products;
			sourceTree = "<group>";
		};
		8790EFF9294BB997000FC1CE /* WaveTideChatBot */ = {
			isa = PBXGroup;
			children = (
				8790EFFA294BB997000FC1CE /* WaveTideChatBotApp.swift */,
				8790EFFC294BB997000FC1CE /* ContentView.swift */,
				8790F025294BB9DB000FC1CE /* BotResponse.swift */,
				8790EFFE294BB998000FC1CE /* Assets.xcassets */,
				8790F000294BB998000FC1CE /* WaveTideChatBot.entitlements */,
				8790F001294BB998000FC1CE /* Preview Content */,
			);
			path = WaveTideChatBot;
			sourceTree = "<group>";
		};
		8790F001294BB998000FC1CE /* Preview Content */ = {
			isa = PBXGroup;
			children = (
				8790F002294BB998000FC1CE /* Preview Assets.xcassets */,
			);
			path = "Preview Content";
			sourceTree = "<group>";
		};
		8790F00B294BB998000FC1CE /* WaveTideChatBotTests */ = {
			isa = PBXGroup;
			children = (
				8790F00C294BB998000FC1CE /* WaveTideChatBotTests.swift */,
			);
			path = WaveTideChatBotTests;
			sourceTree = "<group>";
		};
		8790F015294BB998000FC1CE /* WaveTideChatBotUITests */ = {
			isa = PBXGroup;
			children = (
				8790F016294BB998000FC1CE /* WaveTideChatBotUITests.swift */,
				8790F018294BB998000FC1CE /* WaveTideChatBotUITestsLaunchTests.swift */,
			);
			path = WaveTideChatBotUITests;
			sourceTree = "<group>";
		};
/* End PBXGroup section */

/* Begin PBXNativeTarget section */
		8790EFF6294BB997000FC1CE /* WaveTideChatBot */ = {
			isa = PBXNativeTarget;
			buildConfigurationList = 8790F01C294BB998000FC1CE /* Build configuration list for PBXNativeTarget "WaveTideChatBot" */;
			buildPhases = (
				8790EFF3294BB997000FC1CE /* Sources */,
				8790EFF4294BB997000FC1CE /* Frameworks */,
				8790EFF5294BB997000FC1CE /* Resources */,
			);
			buildRules = (
			);
			dependencies = (
			);
			name = WaveTideChatBot;
			productName = WaveTideChatBot;
			productReference = 8790EFF7294BB997000FC1CE /* WaveTideChatBot.app */;
			productType = "com.apple.product-type.application";
		};
		8790F007294BB998000FC1CE /* WaveTideChatBotTests */ = {
			isa = PBXNativeTarget;
			buildConfigurationList = 8790F01F294BB998000FC1CE /* Build configuration list for PBXNativeTarget "WaveTideChatBotTests" */;
			buildPhases = (
				8790F004294BB998000FC1CE /* Sources */,
				8790F005294BB998000FC1CE /* Frameworks */,
				8790F006294BB998000FC1CE /* Resources */,
			);
			buildRules = (
			);
			dependencies = (
				8790F00A294BB998000FC1CE /* PBXTargetDependency */,
			);
			name = WaveTideChatBotTests;
			productName = WaveTideChatBotTests;
			productReference = 8790F008294BB998000FC1CE /* WaveTideChatBotTests.xctest */;
			productType = "com.apple.product-type.bundle.unit-test";
		};
		8790F011294BB998000FC1CE /* WaveTideChatBotUITests */ = {
			isa = PBXNativeTarget;
			buildConfigurationList = 8790F022294BB998000FC1CE /* Build configuration list for PBXNativeTarget "WaveTideChatBotUITests" */;
			buildPhases = (
				8790F00E294BB998000FC1CE /* Sources */,
				8790F00F294BB998000FC1CE /* Frameworks */,
				8790F010294BB998000FC1CE /* Resources */,
			);
			buildRules = (
			);
			dependencies = (
				8790F014294BB998000FC1CE /* PBXTargetDependency */,
			);
			name = WaveTideChatBotUITests;
			productName = WaveTideChatBotUITests;
			productReference = 8790F012294BB998000FC1CE /* WaveTideChatBotUITests.xctest */;
			productType = "com.apple.product-type.bundle.ui-testing";
		};
/* End PBXNativeTarget section */

/* Begin PBXProject section */
		8790EFEF294BB997000FC1CE /* Project object */ = {
			isa = PBXProject;
			attributes = {
				BuildIndependentTargetsInParallel = 1;
				LastSwiftUpdateCheck = 1400;
				LastUpgradeCheck = 1400;
				TargetAttributes = {
					8790EFF6294BB997000FC1CE = {
						CreatedOnToolsVersion = 14.0.1;
					};
					8790F007294BB998000FC1CE = {
						CreatedOnToolsVersion = 14.0.1;
						TestTargetID = 8790EFF6294BB997000FC1CE;
					};
					8790F011294BB998000FC1CE = {
						CreatedOnToolsVersion = 14.0.1;
						TestTargetID = 8790EFF6294BB997000FC1CE;
					};
				};
			};
			buildConfigurationList = 8790EFF2294BB997000FC1CE /* Build configuration list for PBXProject "WaveTideChatBot" */;
			compatibilityVersion = "Xcode 14.0";
			developmentRegion = en;
			hasScannedForEncodings = 0;
			knownRegions = (
				en,
				Base,
			);
			mainGroup = 8790EFEE294BB997000FC1CE;
			productRefGroup = 8790EFF8294BB997000FC1CE /* Products */;
			projectDirPath = "";
			projectRoot = "";
			targets = (
				8790EFF6294BB997000FC1CE /* WaveTideChatBot */,
				8790F007294BB998000FC1CE /* WaveTideChatBotTests */,
				8790F011294BB998000FC1CE /* WaveTideChatBotUITests */,
			);
		};
/* End PBXProject section */

/* Begin PBXResourcesBuildPhase section */
		8790EFF5294BB997000FC1CE /* Resources */ = {
			isa = PBXResourcesBuildPhase;
			buildActionMask = 2147483647;
			files = (
				8790F003294BB998000FC1CE /* Preview Assets.xcassets in Resources */,
				8790EFFF294BB998000FC1CE /* Assets.xcassets in Resources */,
			);
			runOnlyForDeploymentPostprocessing = 0;
		};
		8790F006294BB998000FC1CE /* Resources */ = {
			isa = PBXResourcesBuildPhase;
			buildActionMask = 2147483647;
			files = (
			);
			runOnlyForDeploymentPostprocessing = 0;
		};
		8790F010294BB998000FC1CE /* Resources */ = {
			isa = PBXResourcesBuildPhase;
			buildActionMask = 2147483647;
			files = (
			);
			runOnlyForDeploymentPostprocessing = 0;
		};
/* End PBXResourcesBuildPhase section */

/* Begin PBXSourcesBuildPhase section */
		8790EFF3294BB997000FC1CE /* Sources */ = {
			isa = PBXSourcesBuildPhase;
			buildActionMask = 2147483647;
			files = (
				8790EFFD294BB997000FC1CE /* ContentView.swift in Sources */,
				8790EFFB294BB997000FC1CE /* WaveTideChatBotApp.swift in Sources */,
				8790F026294BB9DB000FC1CE /* BotResponse.swift in Sources */,
			);
			runOnlyForDeploymentPostprocessing = 0;
		};
		8790F004294BB998000FC1CE /* Sources */ = {
			isa = PBXSourcesBuildPhase;
			buildActionMask = 2147483647;
			files = (
				8790F00D294BB998000FC1CE /* WaveTideChatBotTests.swift in Sources */,
			);
			runOnlyForDeploymentPostprocessing = 0;
		};
		8790F00E294BB998000FC1CE /* Sources */ = {
			isa = PBXSourcesBuildPhase;
			buildActionMask = 2147483647;
			files = (
				8790F017294BB998000FC1CE /* WaveTideChatBotUITests.swift in Sources */,
				8790F019294BB998000FC1CE /* WaveTideChatBotUITestsLaunchTests.swift in Sources */,
			);
			runOnlyForDeploymentPostprocessing = 0;
		};
/* End PBXSourcesBuildPhase section */

/* Begin PBXTargetDependency section */
		8790F00A294BB998000FC1CE /* PBXTargetDependency */ = {
			isa = PBXTargetDependency;
			target = 8790EFF6294BB997000FC1CE /* WaveTideChatBot */;
			targetProxy = 8790F009294BB998000FC1CE /* PBXContainerItemProxy */;
		};
		8790F014294BB998000FC1CE /* PBXTargetDependency */ = {
			isa = PBXTargetDependency;
			target = 8790EFF6294BB997000FC1CE /* WaveTideChatBot */;
			targetProxy = 8790F013294BB998000FC1CE /* PBXContainerItemProxy */;
		};
/* End PBXTargetDependency section */

/* Begin XCBuildConfiguration section */
		8790F01A294BB998000FC1CE /* Debug */ = {
			isa = XCBuildConfiguration;
			buildSettings = {
				ALWAYS_SEARCH_USER_PATHS = NO;
				CLANG_ANALYZER_NONNULL = YES;
				CLANG_ANALYZER_NUMBER_OBJECT_CONVERSION = YES_AGGRESSIVE;
				CLANG_CXX_LANGUAGE_STANDARD = "gnu++20";
				CLANG_ENABLE_MODULES = YES;
				CLANG_ENABLE_OBJC_ARC = YES;
				CLANG_ENABLE_OBJC_WEAK = YES;
				CLANG_WARN_BLOCK_CAPTURE_AUTORELEASING = YES;
				CLANG_WARN_BOOL_CONVERSION = YES;
				CLANG_WARN_COMMA = YES;
				CLANG_WARN_CONSTANT_CONVERSION = YES;
				CLANG_WARN_DEPRECATED_OBJC_IMPLEMENTATIONS = YES;
				CLANG_WARN_DIRECT_OBJC_ISA_USAGE = YES_ERROR;
				CLANG_WARN_DOCUMENTATION_COMMENTS = YES;
				CLANG_WARN_EMPTY_BODY = YES;
				CLANG_WARN_ENUM_CONVERSION = YES;
				CLANG_WARN_INFINITE_RECURSION = YES;
				CLANG_WARN_INT_CONVERSION = YES;
				CLANG_WARN_NON_LITERAL_NULL_CONVERSION = YES;
				CLANG_WARN_OBJC_IMPLICIT_RETAIN_SELF = YES;
				CLANG_WARN_OBJC_LITERAL_CONVERSION = YES;
				CLANG_WARN_OBJC_ROOT_CLASS = YES_ERROR;
				CLANG_WARN_QUOTED_INCLUDE_IN_FRAMEWORK_HEADER = YES;
				CLANG_WARN_RANGE_LOOP_ANALYSIS = YES;
				CLANG_WARN_STRICT_PROTOTYPES = YES;
				CLANG_WARN_SUSPICIOUS_MOVE = YES;
				CLANG_WARN_UNGUARDED_AVAILABILITY = YES_AGGRESSIVE;
				CLANG_WARN_UNREACHABLE_CODE = YES;
				CLANG_WARN__DUPLICATE_METHOD_MATCH = YES;
				COPY_PHASE_STRIP = NO;
				DEBUG_INFORMATION_FORMAT = dwarf;
				ENABLE_STRICT_OBJC_MSGSEND = YES;
				ENABLE_TESTABILITY = YES;
				GCC_C_LANGUAGE_STANDARD = gnu11;
				GCC_DYNAMIC_NO_PIC = NO;
				GCC_NO_COMMON_BLOCKS = YES;
				GCC_OPTIMIZATION_LEVEL = 0;
				GCC_PREPROCESSOR_DEFINITIONS = (
					"DEBUG=1",
					"$(inherited)",
				);
				GCC_WARN_64_TO_32_BIT_CONVERSION = YES;
				GCC_WARN_ABOUT_RETURN_TYPE = YES_ERROR;
				GCC_WARN_UNDECLARED_SELECTOR = YES;
				GCC_WARN_UNINITIALIZED_AUTOS = YES_AGGRESSIVE;
				GCC_WARN_UNUSED_FUNCTION = YES;
				GCC_WARN_UNUSED_VARIABLE = YES;
				MTL_ENABLE_DEBUG_INFO = INCLUDE_SOURCE;
				MTL_FAST_MATH = YES;
				ONLY_ACTIVE_ARCH = YES;
				SWIFT_ACTIVE_COMPILATION_CONDITIONS = DEBUG;
				SWIFT_OPTIMIZATION_LEVEL = "-Onone";
			};
			name = Debug;
		};
		8790F01B294BB998000FC1CE /* Release */ = {
			isa = XCBuildConfiguration;
			buildSettings = {
				ALWAYS_SEARCH_USER_PATHS = NO;
				CLANG_ANALYZER_NONNULL = YES;
				CLANG_ANALYZER_NUMBER_OBJECT_CONVERSION = YES_AGGRESSIVE;
				CLANG_CXX_LANGUAGE_STANDARD = "gnu++20";
				CLANG_ENABLE_MODULES = YES;
				CLANG_ENABLE_OBJC_ARC = YES;
				CLANG_ENABLE_OBJC_WEAK = YES;
				CLANG_WARN_BLOCK_CAPTURE_AUTORELEASING = YES;
				CLANG_WARN_BOOL_CONVERSION = YES;
				CLANG_WARN_COMMA = YES;
				CLANG_WARN_CONSTANT_CONVERSION = YES;
				CLANG_WARN_DEPRECATED_OBJC_IMPLEMENTATIONS = YES;
				CLANG_WARN_DIRECT_OBJC_ISA_USAGE = YES_ERROR;
				CLANG_WARN_DOCUMENTATION_COMMENTS = YES;
				CLANG_WARN_EMPTY_BODY = YES;
				CLANG_WARN_ENUM_CONVERSION = YES;
				CLANG_WARN_INFINITE_RECURSION = YES;
				CLANG_WARN_INT_CONVERSION = YES;
				CLANG_WARN_NON_LITERAL_NULL_CONVERSION = YES;
				CLANG_WARN_OBJC_IMPLICIT_RETAIN_SELF = YES;
				CLANG_WARN_OBJC_LITERAL_CONVERSION = YES;
				CLANG_WARN_OBJC_ROOT_CLASS = YES_ERROR;
				CLANG_WARN_QUOTED_INCLUDE_IN_FRAMEWORK_HEADER = YES;
				CLANG_WARN_RANGE_LOOP_ANALYSIS = YES;
				CLANG_WARN_STRICT_PROTOTYPES = YES;
				CLANG_WARN_SUSPICIOUS_MOVE = YES;
				CLANG_WARN_UNGUARDED_AVAILABILITY = YES_AGGRESSIVE;
				CLANG_WARN_UNREACHABLE_CODE = YES;
				CLANG_WARN__DUPLICATE_METHOD_MATCH = YES;
				COPY_PHASE_STRIP = NO;
				DEBUG_INFORMATION_FORMAT = "dwarf-with-dsym";
				ENABLE_NS_ASSERTIONS = NO;
				ENABLE_STRICT_OBJC_MSGSEND = YES;
				GCC_C_LANGUAGE_STANDARD = gnu11;
				GCC_NO_COMMON_BLOCKS = YES;
				GCC_WARN_64_TO_32_BIT_CONVERSION = YES;
				GCC_WARN_ABOUT_RETURN_TYPE = YES_ERROR;
				GCC_WARN_UNDECLARED_SELECTOR = YES;
				GCC_WARN_UNINITIALIZED_AUTOS = YES_AGGRESSIVE;
				GCC_WARN_UNUSED_FUNCTION = YES;
				GCC_WARN_UNUSED_VARIABLE = YES;
				MTL_ENABLE_DEBUG_INFO = NO;
				MTL_FAST_MATH = YES;
				SWIFT_COMPILATION_MODE = wholemodule;
				SWIFT_OPTIMIZATION_LEVEL = "-O";
			};
			name = Release;
		};
		8790F01D294BB998000FC1CE /* Debug */ = {
			isa = XCBuildConfiguration;
			buildSettings = {
				ASSETCATALOG_COMPILER_APPICON_NAME = AppIcon;
				ASSETCATALOG_COMPILER_GLOBAL_ACCENT_COLOR_NAME = AccentColor;
				CODE_SIGN_ENTITLEMENTS = WaveTideChatBot/WaveTideChatBot.entitlements;
				CODE_SIGN_STYLE = Automatic;
				CURRENT_PROJECT_VERSION = 1;
				DEVELOPMENT_ASSET_PATHS = "\"WaveTideChatBot/Preview Content\"";
				DEVELOPMENT_TEAM = 835M9N77A9;
				ENABLE_HARDENED_RUNTIME = YES;
				ENABLE_PREVIEWS = YES;
				GENERATE_INFOPLIST_FILE = YES;
				"INFOPLIST_KEY_UIApplicationSceneManifest_Generation[sdk=iphoneos*]" = YES;
				"INFOPLIST_KEY_UIApplicationSceneManifest_Generation[sdk=iphonesimulator*]" = YES;
				"INFOPLIST_KEY_UIApplicationSupportsIndirectInputEvents[sdk=iphoneos*]" = YES;
				"INFOPLIST_KEY_UIApplicationSupportsIndirectInputEvents[sdk=iphonesimulator*]" = YES;
				"INFOPLIST_KEY_UILaunchScreen_Generation[sdk=iphoneos*]" = YES;
				"INFOPLIST_KEY_UILaunchScreen_Generation[sdk=iphonesimulator*]" = YES;
				"INFOPLIST_KEY_UIStatusBarStyle[sdk=iphoneos*]" = UIStatusBarStyleDefault;
				"INFOPLIST_KEY_UIStatusBarStyle[sdk=iphonesimulator*]" = UIStatusBarStyleDefault;
				INFOPLIST_KEY_UISupportedInterfaceOrientations_iPad = "UIInterfaceOrientationPortrait UIInterfaceOrientationPortraitUpsideDown UIInterfaceOrientationLandscapeLeft UIInterfaceOrientationLandscapeRight";
				INFOPLIST_KEY_UISupportedInterfaceOrientations_iPhone = "UIInterfaceOrientationPortrait UIInterfaceOrientationLandscapeLeft UIInterfaceOrientationLandscapeRight";
				IPHONEOS_DEPLOYMENT_TARGET = 16.0;
				LD_RUNPATH_SEARCH_PATHS = "@executable_path/Frameworks";
				"LD_RUNPATH_SEARCH_PATHS[sdk=macosx*]" = "@executable_path/../Frameworks";
				MACOSX_DEPLOYMENT_TARGET = 12.3;
				MARKETING_VERSION = 1.0;
				PRODUCT_BUNDLE_IDENTIFIER = com.reema.WaveTideChatBot;
				PRODUCT_NAME = "$(TARGET_NAME)";
				SDKROOT = auto;
				SUPPORTED_PLATFORMS = "iphoneos iphonesimulator macosx";
				SWIFT_EMIT_LOC_STRINGS = YES;
				SWIFT_VERSION = 5.0;
				TARGETED_DEVICE_FAMILY = "1,2";
			};
			name = Debug;
		};
		8790F01E294BB998000FC1CE /* Release */ = {
			isa = XCBuildConfiguration;
			buildSettings = {
				ASSETCATALOG_COMPILER_APPICON_NAME = AppIcon;
				ASSETCATALOG_COMPILER_GLOBAL_ACCENT_COLOR_NAME = AccentColor;
				CODE_SIGN_ENTITLEMENTS = WaveTideChatBot/WaveTideChatBot.entitlements;
				CODE_SIGN_STYLE = Automatic;
				CURRENT_PROJECT_VERSION = 1;
				DEVELOPMENT_ASSET_PATHS = "\"WaveTideChatBot/Preview Content\"";
				DEVELOPMENT_TEAM = 835M9N77A9;
				ENABLE_HARDENED_RUNTIME = YES;
				ENABLE_PREVIEWS = YES;
				GENERATE_INFOPLIST_FILE = YES;
				"INFOPLIST_KEY_UIApplicationSceneManifest_Generation[sdk=iphoneos*]" = YES;
				"INFOPLIST_KEY_UIApplicationSceneManifest_Generation[sdk=iphonesimulator*]" = YES;
				"INFOPLIST_KEY_UIApplicationSupportsIndirectInputEvents[sdk=iphoneos*]" = YES;
				"INFOPLIST_KEY_UIApplicationSupportsIndirectInputEvents[sdk=iphonesimulator*]" = YES;
				"INFOPLIST_KEY_UILaunchScreen_Generation[sdk=iphoneos*]" = YES;
				"INFOPLIST_KEY_UILaunchScreen_Generation[sdk=iphonesimulator*]" = YES;
				"INFOPLIST_KEY_UIStatusBarStyle[sdk=iphoneos*]" = UIStatusBarStyleDefault;
				"INFOPLIST_KEY_UIStatusBarStyle[sdk=iphonesimulator*]" = UIStatusBarStyleDefault;
				INFOPLIST_KEY_UISupportedInterfaceOrientations_iPad = "UIInterfaceOrientationPortrait UIInterfaceOrientationPortraitUpsideDown UIInterfaceOrientationLandscapeLeft UIInterfaceOrientationLandscapeRight";
				INFOPLIST_KEY_UISupportedInterfaceOrientations_iPhone = "UIInterfaceOrientationPortrait UIInterfaceOrientationLandscapeLeft UIInterfaceOrientationLandscapeRight";
				IPHONEOS_DEPLOYMENT_TARGET = 16.0;
				LD_RUNPATH_SEARCH_PATHS = "@executable_path/Frameworks";
				"LD_RUNPATH_SEARCH_PATHS[sdk=macosx*]" = "@executable_path/../Frameworks";
				MACOSX_DEPLOYMENT_TARGET = 12.3;
				MARKETING_VERSION = 1.0;
				PRODUCT_BUNDLE_IDENTIFIER = com.reema.WaveTideChatBot;
				PRODUCT_NAME = "$(TARGET_NAME)";
				SDKROOT = auto;
				SUPPORTED_PLATFORMS = "iphoneos iphonesimulator macosx";
				SWIFT_EMIT_LOC_STRINGS = YES;
				SWIFT_VERSION = 5.0;
				TARGETED_DEVICE_FAMILY = "1,2";
			};
			name = Release;
		};
		8790F020294BB998000FC1CE /* Debug */ = {
			isa = XCBuildConfiguration;
			buildSettings = {
				ALWAYS_EMBED_SWIFT_STANDARD_LIBRARIES = YES;
				BUNDLE_LOADER = "$(TEST_HOST)";
				CODE_SIGN_STYLE = Automatic;
				CURRENT_PROJECT_VERSION = 1;
				DEVELOPMENT_TEAM = 835M9N77A9;
				GENERATE_INFOPLIST_FILE = YES;
				IPHONEOS_DEPLOYMENT_TARGET = 16.0;
				MACOSX_DEPLOYMENT_TARGET = 12.3;
				MARKETING_VERSION = 1.0;
				PRODUCT_BUNDLE_IDENTIFIER = com.reema.WaveTideChatBotTests;
				PRODUCT_NAME = "$(TARGET_NAME)";
				SDKROOT = auto;
				SUPPORTED_PLATFORMS = "iphoneos iphonesimulator macosx";
				SWIFT_EMIT_LOC_STRINGS = NO;
				SWIFT_VERSION = 5.0;
				TARGETED_DEVICE_FAMILY = "1,2";
				TEST_HOST = "$(BUILT_PRODUCTS_DIR)/WaveTideChatBot.app/$(BUNDLE_EXECUTABLE_FOLDER_PATH)/WaveTideChatBot";
			};
			name = Debug;
		};
		8790F021294BB998000FC1CE /* Release */ = {
			isa = XCBuildConfiguration;
			buildSettings = {
				ALWAYS_EMBED_SWIFT_STANDARD_LIBRARIES = YES;
				BUNDLE_LOADER = "$(TEST_HOST)";
				CODE_SIGN_STYLE = Automatic;
				CURRENT_PROJECT_VERSION = 1;
				DEVELOPMENT_TEAM = 835M9N77A9;
				GENERATE_INFOPLIST_FILE = YES;
				IPHONEOS_DEPLOYMENT_TARGET = 16.0;
				MACOSX_DEPLOYMENT_TARGET = 12.3;
				MARKETING_VERSION = 1.0;
				PRODUCT_BUNDLE_IDENTIFIER = com.reema.WaveTideChatBotTests;
				PRODUCT_NAME = "$(TARGET_NAME)";
				SDKROOT = auto;
				SUPPORTED_PLATFORMS = "iphoneos iphonesimulator macosx";
				SWIFT_EMIT_LOC_STRINGS = NO;
				SWIFT_VERSION = 5.0;
				TARGETED_DEVICE_FAMILY = "1,2";
				TEST_HOST = "$(BUILT_PRODUCTS_DIR)/WaveTideChatBot.app/$(BUNDLE_EXECUTABLE_FOLDER_PATH)/WaveTideChatBot";
			};
			name = Release;
		};
		8790F023294BB998000FC1CE /* Debug */ = {
			isa = XCBuildConfiguration;
			buildSettings = {
				ALWAYS_EMBED_SWIFT_STANDARD_LIBRARIES = YES;
				CODE_SIGN_STYLE = Automatic;
				CURRENT_PROJECT_VERSION = 1;
				DEVELOPMENT_TEAM = 835M9N77A9;
				GENERATE_INFOPLIST_FILE = YES;
				IPHONEOS_DEPLOYMENT_TARGET = 16.0;
				MACOSX_DEPLOYMENT_TARGET = 12.3;
				MARKETING_VERSION = 1.0;
				PRODUCT_BUNDLE_IDENTIFIER = com.reema.WaveTideChatBotUITests;
				PRODUCT_NAME = "$(TARGET_NAME)";
				SDKROOT = auto;
				SUPPORTED_PLATFORMS = "iphoneos iphonesimulator macosx";
				SWIFT_EMIT_LOC_STRINGS = NO;
				SWIFT_VERSION = 5.0;
				TARGETED_DEVICE_FAMILY = "1,2";
				TEST_TARGET_NAME = WaveTideChatBot;
			};
			name = Debug;
		};
		8790F024294BB998000FC1CE /* Release */ = {
			isa = XCBuildConfiguration;
			buildSettings = {
				ALWAYS_EMBED_SWIFT_STANDARD_LIBRARIES = YES;
				CODE_SIGN_STYLE = Automatic;
				CURRENT_PROJECT_VERSION = 1;
				DEVELOPMENT_TEAM = 835M9N77A9;
				GENERATE_INFOPLIST_FILE = YES;
				IPHONEOS_DEPLOYMENT_TARGET = 16.0;
				MACOSX_DEPLOYMENT_TARGET = 12.3;
				MARKETING_VERSION = 1.0;
				PRODUCT_BUNDLE_IDENTIFIER = com.reema.WaveTideChatBotUITests;
				PRODUCT_NAME = "$(TARGET_NAME)";
				SDKROOT = auto;
				SUPPORTED_PLATFORMS = "iphoneos iphonesimulator macosx";
				SWIFT_EMIT_LOC_STRINGS = NO;
				SWIFT_VERSION = 5.0;
				TARGETED_DEVICE_FAMILY = "1,2";
				TEST_TARGET_NAME = WaveTideChatBot;
			};
			name = Release;
		};
/* End XCBuildConfiguration section */

/* Begin XCConfigurationList section */
		8790EFF2294BB997000FC1CE /* Build configuration list for PBXProject "WaveTideChatBot" */ = {
			isa = XCConfigurationList;
			buildConfigurations = (
				8790F01A294BB998000FC1CE /* Debug */,
				8790F01B294BB998000FC1CE /* Release */,
			);
			defaultConfigurationIsVisible = 0;
			defaultConfigurationName = Release;
		};
		8790F01C294BB998000FC1CE /* Build configuration list for PBXNativeTarget "WaveTideChatBot" */ = {
			isa = XCConfigurationList;
			buildConfigurations = (
				8790F01D294BB998000FC1CE /* Debug */,
				8790F01E294BB998000FC1CE /* Release */,
			);
			defaultConfigurationIsVisible = 0;
			defaultConfigurationName = Release;
		};
		8790F01F294BB998000FC1CE /* Build configuration list for PBXNativeTarget "WaveTideChatBotTests" */ = {
			isa = XCConfigurationList;
			buildConfigurations = (
				8790F020294BB998000FC1CE /* Debug */,
				8790F021294BB998000FC1CE /* Release */,
			);
			defaultConfigurationIsVisible = 0;
			defaultConfigurationName = Release;
		};
		8790F022294BB998000FC1CE /* Build configuration list for PBXNativeTarget "WaveTideChatBotUITests" */ = {
			isa = XCConfigurationList;
			buildConfigurations = (
				8790F023294BB998000FC1CE /* Debug */,
				8790F024294BB998000FC1CE /* Release */,
			);
			defaultConfigurationIsVisible = 0;
			defaultConfigurationName = Release;
		};
/* End XCConfigurationList section */
	};
	rootObject = 8790EFEF294BB997000FC1CE /* Project object */;
}
