// !$*UTF8*$!
{
	archiveVersion = 1;
	classes = {
	};
	objectVersion = 56;
	objects = {

/* Begin PBXBuildFile section */
		871DE16A293F5C8C00F57E70 /* WaveTideSignInApp.swift in Sources */ = {isa = PBXBuildFile; fileRef = 871DE169293F5C8C00F57E70 /* WaveTideSignInApp.swift */; };
		871DE16C293F5C8C00F57E70 /* ContentView.swift in Sources */ = {isa = PBXBuildFile; fileRef = 871DE16B293F5C8C00F57E70 /* ContentView.swift */; };
		871DE16E293F5C8C00F57E70 /* Assets.xcassets in Resources */ = {isa = PBXBuildFile; fileRef = 871DE16D293F5C8C00F57E70 /* Assets.xcassets */; };
		871DE171293F5C8C00F57E70 /* Preview Assets.xcassets in Resources */ = {isa = PBXBuildFile; fileRef = 871DE170293F5C8C00F57E70 /* Preview Assets.xcassets */; };
		871DE17B293F5C8D00F57E70 /* WaveTideSignInTests.swift in Sources */ = {isa = PBXBuildFile; fileRef = 871DE17A293F5C8D00F57E70 /* WaveTideSignInTests.swift */; };
		871DE185293F5C8D00F57E70 /* WaveTideSignInUITests.swift in Sources */ = {isa = PBXBuildFile; fileRef = 871DE184293F5C8D00F57E70 /* WaveTideSignInUITests.swift */; };
		871DE187293F5C8D00F57E70 /* WaveTideSignInUITestsLaunchTests.swift in Sources */ = {isa = PBXBuildFile; fileRef = 871DE186293F5C8D00F57E70 /* WaveTideSignInUITestsLaunchTests.swift */; };
		87DCF295295240F00017811C /* ListView.swift in Sources */ = {isa = PBXBuildFile; fileRef = 87DCF294295240F00017811C /* ListView.swift */; };
		87DCF297295242F40017811C /* SignIn.swift in Sources */ = {isa = PBXBuildFile; fileRef = 87DCF296295242F40017811C /* SignIn.swift */; };
		87DCF2992952448E0017811C /* File.swift in Sources */ = {isa = PBXBuildFile; fileRef = 87DCF2982952448E0017811C /* File.swift */; };
/* End PBXBuildFile section */

/* Begin PBXContainerItemProxy section */
		871DE177293F5C8D00F57E70 /* PBXContainerItemProxy */ = {
			isa = PBXContainerItemProxy;
			containerPortal = 871DE15E293F5C8C00F57E70 /* Project object */;
			proxyType = 1;
			remoteGlobalIDString = 871DE165293F5C8C00F57E70;
			remoteInfo = WaveTideSignIn;
		};
		871DE181293F5C8D00F57E70 /* PBXContainerItemProxy */ = {
			isa = PBXContainerItemProxy;
			containerPortal = 871DE15E293F5C8C00F57E70 /* Project object */;
			proxyType = 1;
			remoteGlobalIDString = 871DE165293F5C8C00F57E70;
			remoteInfo = WaveTideSignIn;
		};
/* End PBXContainerItemProxy section */

/* Begin PBXFileReference section */
		871DE166293F5C8C00F57E70 /* WaveTideSignIn.app */ = {isa = PBXFileReference; explicitFileType = wrapper.application; includeInIndex = 0; path = WaveTideSignIn.app; sourceTree = BUILT_PRODUCTS_DIR; };
		871DE169293F5C8C00F57E70 /* WaveTideSignInApp.swift */ = {isa = PBXFileReference; lastKnownFileType = sourcecode.swift; path = WaveTideSignInApp.swift; sourceTree = "<group>"; };
		871DE16B293F5C8C00F57E70 /* ContentView.swift */ = {isa = PBXFileReference; lastKnownFileType = sourcecode.swift; path = ContentView.swift; sourceTree = "<group>"; };
		871DE16D293F5C8C00F57E70 /* Assets.xcassets */ = {isa = PBXFileReference; lastKnownFileType = folder.assetcatalog; path = Assets.xcassets; sourceTree = "<group>"; };
		871DE170293F5C8C00F57E70 /* Preview Assets.xcassets */ = {isa = PBXFileReference; lastKnownFileType = folder.assetcatalog; path = "Preview Assets.xcassets"; sourceTree = "<group>"; };
		871DE176293F5C8D00F57E70 /* WaveTideSignInTests.xctest */ = {isa = PBXFileReference; explicitFileType = wrapper.cfbundle; includeInIndex = 0; path = WaveTideSignInTests.xctest; sourceTree = BUILT_PRODUCTS_DIR; };
		871DE17A293F5C8D00F57E70 /* WaveTideSignInTests.swift */ = {isa = PBXFileReference; lastKnownFileType = sourcecode.swift; path = WaveTideSignInTests.swift; sourceTree = "<group>"; };
		871DE180293F5C8D00F57E70 /* WaveTideSignInUITests.xctest */ = {isa = PBXFileReference; explicitFileType = wrapper.cfbundle; includeInIndex = 0; path = WaveTideSignInUITests.xctest; sourceTree = BUILT_PRODUCTS_DIR; };
		871DE184293F5C8D00F57E70 /* WaveTideSignInUITests.swift */ = {isa = PBXFileReference; lastKnownFileType = sourcecode.swift; path = WaveTideSignInUITests.swift; sourceTree = "<group>"; };
		871DE186293F5C8D00F57E70 /* WaveTideSignInUITestsLaunchTests.swift */ = {isa = PBXFileReference; lastKnownFileType = sourcecode.swift; path = WaveTideSignInUITestsLaunchTests.swift; sourceTree = "<group>"; };
		871DE2752946551300F57E70 /* WaveTideSignIn.entitlements */ = {isa = PBXFileReference; lastKnownFileType = text.plist.entitlements; path = WaveTideSignIn.entitlements; sourceTree = "<group>"; };
		87DCF294295240F00017811C /* ListView.swift */ = {isa = PBXFileReference; lastKnownFileType = sourcecode.swift; path = ListView.swift; sourceTree = "<group>"; };
		87DCF296295242F40017811C /* SignIn.swift */ = {isa = PBXFileReference; lastKnownFileType = sourcecode.swift; path = SignIn.swift; sourceTree = "<group>"; };
		87DCF2982952448E0017811C /* File.swift */ = {isa = PBXFileReference; lastKnownFileType = sourcecode.swift; path = File.swift; sourceTree = "<group>"; };
/* End PBXFileReference section */

/* Begin PBXFrameworksBuildPhase section */
		871DE163293F5C8C00F57E70 /* Frameworks */ = {
			isa = PBXFrameworksBuildPhase;
			buildActionMask = 2147483647;
			files = (
			);
			runOnlyForDeploymentPostprocessing = 0;
		};
		871DE173293F5C8D00F57E70 /* Frameworks */ = {
			isa = PBXFrameworksBuildPhase;
			buildActionMask = 2147483647;
			files = (
			);
			runOnlyForDeploymentPostprocessing = 0;
		};
		871DE17D293F5C8D00F57E70 /* Frameworks */ = {
			isa = PBXFrameworksBuildPhase;
			buildActionMask = 2147483647;
			files = (
			);
			runOnlyForDeploymentPostprocessing = 0;
		};
/* End PBXFrameworksBuildPhase section */

/* Begin PBXGroup section */
		871DE15D293F5C8C00F57E70 = {
			isa = PBXGroup;
			children = (
				871DE168293F5C8C00F57E70 /* WaveTideSignIn */,
				871DE179293F5C8D00F57E70 /* WaveTideSignInTests */,
				871DE183293F5C8D00F57E70 /* WaveTideSignInUITests */,
				871DE167293F5C8C00F57E70 /* Products */,
			);
			sourceTree = "<group>";
		};
		871DE167293F5C8C00F57E70 /* Products */ = {
			isa = PBXGroup;
			children = (
				871DE166293F5C8C00F57E70 /* WaveTideSignIn.app */,
				871DE176293F5C8D00F57E70 /* WaveTideSignInTests.xctest */,
				871DE180293F5C8D00F57E70 /* WaveTideSignInUITests.xctest */,
			);
			name = Products;
			sourceTree = "<group>";
		};
		871DE168293F5C8C00F57E70 /* WaveTideSignIn */ = {
			isa = PBXGroup;
			children = (
				871DE2752946551300F57E70 /* WaveTideSignIn.entitlements */,
				871DE169293F5C8C00F57E70 /* WaveTideSignInApp.swift */,
				871DE16B293F5C8C00F57E70 /* ContentView.swift */,
				871DE16D293F5C8C00F57E70 /* Assets.xcassets */,
				871DE16F293F5C8C00F57E70 /* Preview Content */,
				87DCF294295240F00017811C /* ListView.swift */,
				87DCF296295242F40017811C /* SignIn.swift */,
				87DCF2982952448E0017811C /* File.swift */,
			);
			path = WaveTideSignIn;
			sourceTree = "<group>";
		};
		871DE16F293F5C8C00F57E70 /* Preview Content */ = {
			isa = PBXGroup;
			children = (
				871DE170293F5C8C00F57E70 /* Preview Assets.xcassets */,
			);
			path = "Preview Content";
			sourceTree = "<group>";
		};
		871DE179293F5C8D00F57E70 /* WaveTideSignInTests */ = {
			isa = PBXGroup;
			children = (
				871DE17A293F5C8D00F57E70 /* WaveTideSignInTests.swift */,
			);
			path = WaveTideSignInTests;
			sourceTree = "<group>";
		};
		871DE183293F5C8D00F57E70 /* WaveTideSignInUITests */ = {
			isa = PBXGroup;
			children = (
				871DE184293F5C8D00F57E70 /* WaveTideSignInUITests.swift */,
				871DE186293F5C8D00F57E70 /* WaveTideSignInUITestsLaunchTests.swift */,
			);
			path = WaveTideSignInUITests;
			sourceTree = "<group>";
		};
/* End PBXGroup section */

/* Begin PBXNativeTarget section */
		871DE165293F5C8C00F57E70 /* WaveTideSignIn */ = {
			isa = PBXNativeTarget;
			buildConfigurationList = 871DE18A293F5C8D00F57E70 /* Build configuration list for PBXNativeTarget "WaveTideSignIn" */;
			buildPhases = (
				871DE162293F5C8C00F57E70 /* Sources */,
				871DE163293F5C8C00F57E70 /* Frameworks */,
				871DE164293F5C8C00F57E70 /* Resources */,
			);
			buildRules = (
			);
			dependencies = (
			);
			name = WaveTideSignIn;
			productName = WaveTideSignIn;
			productReference = 871DE166293F5C8C00F57E70 /* WaveTideSignIn.app */;
			productType = "com.apple.product-type.application";
		};
		871DE175293F5C8D00F57E70 /* WaveTideSignInTests */ = {
			isa = PBXNativeTarget;
			buildConfigurationList = 871DE18D293F5C8D00F57E70 /* Build configuration list for PBXNativeTarget "WaveTideSignInTests" */;
			buildPhases = (
				871DE172293F5C8D00F57E70 /* Sources */,
				871DE173293F5C8D00F57E70 /* Frameworks */,
				871DE174293F5C8D00F57E70 /* Resources */,
			);
			buildRules = (
			);
			dependencies = (
				871DE178293F5C8D00F57E70 /* PBXTargetDependency */,
			);
			name = WaveTideSignInTests;
			productName = WaveTideSignInTests;
			productReference = 871DE176293F5C8D00F57E70 /* WaveTideSignInTests.xctest */;
			productType = "com.apple.product-type.bundle.unit-test";
		};
		871DE17F293F5C8D00F57E70 /* WaveTideSignInUITests */ = {
			isa = PBXNativeTarget;
			buildConfigurationList = 871DE190293F5C8D00F57E70 /* Build configuration list for PBXNativeTarget "WaveTideSignInUITests" */;
			buildPhases = (
				871DE17C293F5C8D00F57E70 /* Sources */,
				871DE17D293F5C8D00F57E70 /* Frameworks */,
				871DE17E293F5C8D00F57E70 /* Resources */,
			);
			buildRules = (
			);
			dependencies = (
				871DE182293F5C8D00F57E70 /* PBXTargetDependency */,
			);
			name = WaveTideSignInUITests;
			productName = WaveTideSignInUITests;
			productReference = 871DE180293F5C8D00F57E70 /* WaveTideSignInUITests.xctest */;
			productType = "com.apple.product-type.bundle.ui-testing";
		};
/* End PBXNativeTarget section */

/* Begin PBXProject section */
		871DE15E293F5C8C00F57E70 /* Project object */ = {
			isa = PBXProject;
			attributes = {
				BuildIndependentTargetsInParallel = 1;
				LastSwiftUpdateCheck = 1400;
				LastUpgradeCheck = 1400;
				TargetAttributes = {
					871DE165293F5C8C00F57E70 = {
						CreatedOnToolsVersion = 14.0.1;
					};
					871DE175293F5C8D00F57E70 = {
						CreatedOnToolsVersion = 14.0.1;
						TestTargetID = 871DE165293F5C8C00F57E70;
					};
					871DE17F293F5C8D00F57E70 = {
						CreatedOnToolsVersion = 14.0.1;
						TestTargetID = 871DE165293F5C8C00F57E70;
					};
				};
			};
			buildConfigurationList = 871DE161293F5C8C00F57E70 /* Build configuration list for PBXProject "WaveTideSignIn" */;
			compatibilityVersion = "Xcode 14.0";
			developmentRegion = en;
			hasScannedForEncodings = 0;
			knownRegions = (
				en,
				Base,
			);
			mainGroup = 871DE15D293F5C8C00F57E70;
			productRefGroup = 871DE167293F5C8C00F57E70 /* Products */;
			projectDirPath = "";
			projectRoot = "";
			targets = (
				871DE165293F5C8C00F57E70 /* WaveTideSignIn */,
				871DE175293F5C8D00F57E70 /* WaveTideSignInTests */,
				871DE17F293F5C8D00F57E70 /* WaveTideSignInUITests */,
			);
		};
/* End PBXProject section */

/* Begin PBXResourcesBuildPhase section */
		871DE164293F5C8C00F57E70 /* Resources */ = {
			isa = PBXResourcesBuildPhase;
			buildActionMask = 2147483647;
			files = (
				871DE171293F5C8C00F57E70 /* Preview Assets.xcassets in Resources */,
				871DE16E293F5C8C00F57E70 /* Assets.xcassets in Resources */,
			);
			runOnlyForDeploymentPostprocessing = 0;
		};
		871DE174293F5C8D00F57E70 /* Resources */ = {
			isa = PBXResourcesBuildPhase;
			buildActionMask = 2147483647;
			files = (
			);
			runOnlyForDeploymentPostprocessing = 0;
		};
		871DE17E293F5C8D00F57E70 /* Resources */ = {
			isa = PBXResourcesBuildPhase;
			buildActionMask = 2147483647;
			files = (
			);
			runOnlyForDeploymentPostprocessing = 0;
		};
/* End PBXResourcesBuildPhase section */

/* Begin PBXSourcesBuildPhase section */
		871DE162293F5C8C00F57E70 /* Sources */ = {
			isa = PBXSourcesBuildPhase;
			buildActionMask = 2147483647;
			files = (
				87DCF2992952448E0017811C /* File.swift in Sources */,
				871DE16C293F5C8C00F57E70 /* ContentView.swift in Sources */,
				871DE16A293F5C8C00F57E70 /* WaveTideSignInApp.swift in Sources */,
				87DCF295295240F00017811C /* ListView.swift in Sources */,
				87DCF297295242F40017811C /* SignIn.swift in Sources */,
			);
			runOnlyForDeploymentPostprocessing = 0;
		};
		871DE172293F5C8D00F57E70 /* Sources */ = {
			isa = PBXSourcesBuildPhase;
			buildActionMask = 2147483647;
			files = (
				871DE17B293F5C8D00F57E70 /* WaveTideSignInTests.swift in Sources */,
			);
			runOnlyForDeploymentPostprocessing = 0;
		};
		871DE17C293F5C8D00F57E70 /* Sources */ = {
			isa = PBXSourcesBuildPhase;
			buildActionMask = 2147483647;
			files = (
				871DE185293F5C8D00F57E70 /* WaveTideSignInUITests.swift in Sources */,
				871DE187293F5C8D00F57E70 /* WaveTideSignInUITestsLaunchTests.swift in Sources */,
			);
			runOnlyForDeploymentPostprocessing = 0;
		};
/* End PBXSourcesBuildPhase section */

/* Begin PBXTargetDependency section */
		871DE178293F5C8D00F57E70 /* PBXTargetDependency */ = {
			isa = PBXTargetDependency;
			target = 871DE165293F5C8C00F57E70 /* WaveTideSignIn */;
			targetProxy = 871DE177293F5C8D00F57E70 /* PBXContainerItemProxy */;
		};
		871DE182293F5C8D00F57E70 /* PBXTargetDependency */ = {
			isa = PBXTargetDependency;
			target = 871DE165293F5C8C00F57E70 /* WaveTideSignIn */;
			targetProxy = 871DE181293F5C8D00F57E70 /* PBXContainerItemProxy */;
		};
/* End PBXTargetDependency section */

/* Begin XCBuildConfiguration section */
		871DE188293F5C8D00F57E70 /* Debug */ = {
			isa = XCBuildConfiguration;
			buildSettings = {
				ALWAYS_SEARCH_USER_PATHS = NO;
				CLANG_ANALYZER_NONNULL = YES;
				CLANG_ANALYZER_NUMBER_OBJECT_CONVERSION = YES_AGGRESSIVE;
				CLANG_CXX_LANGUAGE_STANDARD = "gnu++20";
				CLANG_ENABLE_MODULES = YES;
				CLANG_ENABLE_OBJC_ARC = YES;
				CLANG_ENABLE_OBJC_WEAK = YES;
				CLANG_WARN_BLOCK_CAPTURE_AUTORELEASING = YES;
				CLANG_WARN_BOOL_CONVERSION = YES;
				CLANG_WARN_COMMA = YES;
				CLANG_WARN_CONSTANT_CONVERSION = YES;
				CLANG_WARN_DEPRECATED_OBJC_IMPLEMENTATIONS = YES;
				CLANG_WARN_DIRECT_OBJC_ISA_USAGE = YES_ERROR;
				CLANG_WARN_DOCUMENTATION_COMMENTS = YES;
				CLANG_WARN_EMPTY_BODY = YES;
				CLANG_WARN_ENUM_CONVERSION = YES;
				CLANG_WARN_INFINITE_RECURSION = YES;
				CLANG_WARN_INT_CONVERSION = YES;
				CLANG_WARN_NON_LITERAL_NULL_CONVERSION = YES;
				CLANG_WARN_OBJC_IMPLICIT_RETAIN_SELF = YES;
				CLANG_WARN_OBJC_LITERAL_CONVERSION = YES;
				CLANG_WARN_OBJC_ROOT_CLASS = YES_ERROR;
				CLANG_WARN_QUOTED_INCLUDE_IN_FRAMEWORK_HEADER = YES;
				CLANG_WARN_RANGE_LOOP_ANALYSIS = YES;
				CLANG_WARN_STRICT_PROTOTYPES = YES;
				CLANG_WARN_SUSPICIOUS_MOVE = YES;
				CLANG_WARN_UNGUARDED_AVAILABILITY = YES_AGGRESSIVE;
				CLANG_WARN_UNREACHABLE_CODE = YES;
				CLANG_WARN__DUPLICATE_METHOD_MATCH = YES;
				COPY_PHASE_STRIP = NO;
				DEBUG_INFORMATION_FORMAT = dwarf;
				ENABLE_STRICT_OBJC_MSGSEND = YES;
				ENABLE_TESTABILITY = YES;
				GCC_C_LANGUAGE_STANDARD = gnu11;
				GCC_DYNAMIC_NO_PIC = NO;
				GCC_NO_COMMON_BLOCKS = YES;
				GCC_OPTIMIZATION_LEVEL = 0;
				GCC_PREPROCESSOR_DEFINITIONS = (
					"DEBUG=1",
					"$(inherited)",
				);
				GCC_WARN_64_TO_32_BIT_CONVERSION = YES;
				GCC_WARN_ABOUT_RETURN_TYPE = YES_ERROR;
				GCC_WARN_UNDECLARED_SELECTOR = YES;
				GCC_WARN_UNINITIALIZED_AUTOS = YES_AGGRESSIVE;
				GCC_WARN_UNUSED_FUNCTION = YES;
				GCC_WARN_UNUSED_VARIABLE = YES;
				IPHONEOS_DEPLOYMENT_TARGET = 16.0;
				MTL_ENABLE_DEBUG_INFO = INCLUDE_SOURCE;
				MTL_FAST_MATH = YES;
				ONLY_ACTIVE_ARCH = YES;
				SDKROOT = iphoneos;
				SWIFT_ACTIVE_COMPILATION_CONDITIONS = DEBUG;
				SWIFT_OPTIMIZATION_LEVEL = "-Onone";
			};
			name = Debug;
		};
		871DE189293F5C8D00F57E70 /* Release */ = {
			isa = XCBuildConfiguration;
			buildSettings = {
				ALWAYS_SEARCH_USER_PATHS = NO;
				CLANG_ANALYZER_NONNULL = YES;
				CLANG_ANALYZER_NUMBER_OBJECT_CONVERSION = YES_AGGRESSIVE;
				CLANG_CXX_LANGUAGE_STANDARD = "gnu++20";
				CLANG_ENABLE_MODULES = YES;
				CLANG_ENABLE_OBJC_ARC = YES;
				CLANG_ENABLE_OBJC_WEAK = YES;
				CLANG_WARN_BLOCK_CAPTURE_AUTORELEASING = YES;
				CLANG_WARN_BOOL_CONVERSION = YES;
				CLANG_WARN_COMMA = YES;
				CLANG_WARN_CONSTANT_CONVERSION = YES;
				CLANG_WARN_DEPRECATED_OBJC_IMPLEMENTATIONS = YES;
				CLANG_WARN_DIRECT_OBJC_ISA_USAGE = YES_ERROR;
				CLANG_WARN_DOCUMENTATION_COMMENTS = YES;
				CLANG_WARN_EMPTY_BODY = YES;
				CLANG_WARN_ENUM_CONVERSION = YES;
				CLANG_WARN_INFINITE_RECURSION = YES;
				CLANG_WARN_INT_CONVERSION = YES;
				CLANG_WARN_NON_LITERAL_NULL_CONVERSION = YES;
				CLANG_WARN_OBJC_IMPLICIT_RETAIN_SELF = YES;
				CLANG_WARN_OBJC_LITERAL_CONVERSION = YES;
				CLANG_WARN_OBJC_ROOT_CLASS = YES_ERROR;
				CLANG_WARN_QUOTED_INCLUDE_IN_FRAMEWORK_HEADER = YES;
				CLANG_WARN_RANGE_LOOP_ANALYSIS = YES;
				CLANG_WARN_STRICT_PROTOTYPES = YES;
				CLANG_WARN_SUSPICIOUS_MOVE = YES;
				CLANG_WARN_UNGUARDED_AVAILABILITY = YES_AGGRESSIVE;
				CLANG_WARN_UNREACHABLE_CODE = YES;
				CLANG_WARN__DUPLICATE_METHOD_MATCH = YES;
				COPY_PHASE_STRIP = NO;
				DEBUG_INFORMATION_FORMAT = "dwarf-with-dsym";
				ENABLE_NS_ASSERTIONS = NO;
				ENABLE_STRICT_OBJC_MSGSEND = YES;
				GCC_C_LANGUAGE_STANDARD = gnu11;
				GCC_NO_COMMON_BLOCKS = YES;
				GCC_WARN_64_TO_32_BIT_CONVERSION = YES;
				GCC_WARN_ABOUT_RETURN_TYPE = YES_ERROR;
				GCC_WARN_UNDECLARED_SELECTOR = YES;
				GCC_WARN_UNINITIALIZED_AUTOS = YES_AGGRESSIVE;
				GCC_WARN_UNUSED_FUNCTION = YES;
				GCC_WARN_UNUSED_VARIABLE = YES;
				IPHONEOS_DEPLOYMENT_TARGET = 16.0;
				MTL_ENABLE_DEBUG_INFO = NO;
				MTL_FAST_MATH = YES;
				SDKROOT = iphoneos;
				SWIFT_COMPILATION_MODE = wholemodule;
				SWIFT_OPTIMIZATION_LEVEL = "-O";
				VALIDATE_PRODUCT = YES;
			};
			name = Release;
		};
		871DE18B293F5C8D00F57E70 /* Debug */ = {
			isa = XCBuildConfiguration;
			buildSettings = {
				ASSETCATALOG_COMPILER_APPICON_NAME = AppIcon;
				ASSETCATALOG_COMPILER_GLOBAL_ACCENT_COLOR_NAME = AccentColor;
				CODE_SIGN_ENTITLEMENTS = WaveTideSignIn/WaveTideSignIn.entitlements;
				CODE_SIGN_STYLE = Automatic;
				CURRENT_PROJECT_VERSION = 1;
				DEVELOPMENT_ASSET_PATHS = "\"WaveTideSignIn/Preview Content\"";
				DEVELOPMENT_TEAM = 835M9N77A9;
				ENABLE_PREVIEWS = YES;
				GENERATE_INFOPLIST_FILE = YES;
				INFOPLIST_KEY_UIApplicationSceneManifest_Generation = YES;
				INFOPLIST_KEY_UIApplicationSupportsIndirectInputEvents = YES;
				INFOPLIST_KEY_UILaunchScreen_Generation = YES;
				INFOPLIST_KEY_UISupportedInterfaceOrientations_iPad = "UIInterfaceOrientationPortrait UIInterfaceOrientationPortraitUpsideDown UIInterfaceOrientationLandscapeLeft UIInterfaceOrientationLandscapeRight";
				INFOPLIST_KEY_UISupportedInterfaceOrientations_iPhone = "UIInterfaceOrientationPortrait UIInterfaceOrientationLandscapeLeft UIInterfaceOrientationLandscapeRight";
				LD_RUNPATH_SEARCH_PATHS = (
					"$(inherited)",
					"@executable_path/Frameworks",
				);
				MARKETING_VERSION = 1.0;
				PRODUCT_BUNDLE_IDENTIFIER = Wave.Wave1;
				PRODUCT_NAME = "$(TARGET_NAME)";
				SWIFT_EMIT_LOC_STRINGS = YES;
				SWIFT_VERSION = 5.0;
				TARGETED_DEVICE_FAMILY = "1,2";
			};
			name = Debug;
		};
		871DE18C293F5C8D00F57E70 /* Release */ = {
			isa = XCBuildConfiguration;
			buildSettings = {
				ASSETCATALOG_COMPILER_APPICON_NAME = AppIcon;
				ASSETCATALOG_COMPILER_GLOBAL_ACCENT_COLOR_NAME = AccentColor;
				CODE_SIGN_ENTITLEMENTS = WaveTideSignIn/WaveTideSignIn.entitlements;
				CODE_SIGN_STYLE = Automatic;
				CURRENT_PROJECT_VERSION = 1;
				DEVELOPMENT_ASSET_PATHS = "\"WaveTideSignIn/Preview Content\"";
				DEVELOPMENT_TEAM = 835M9N77A9;
				ENABLE_PREVIEWS = YES;
				GENERATE_INFOPLIST_FILE = YES;
				INFOPLIST_KEY_UIApplicationSceneManifest_Generation = YES;
				INFOPLIST_KEY_UIApplicationSupportsIndirectInputEvents = YES;
				INFOPLIST_KEY_UILaunchScreen_Generation = YES;
				INFOPLIST_KEY_UISupportedInterfaceOrientations_iPad = "UIInterfaceOrientationPortrait UIInterfaceOrientationPortraitUpsideDown UIInterfaceOrientationLandscapeLeft UIInterfaceOrientationLandscapeRight";
				INFOPLIST_KEY_UISupportedInterfaceOrientations_iPhone = "UIInterfaceOrientationPortrait UIInterfaceOrientationLandscapeLeft UIInterfaceOrientationLandscapeRight";
				LD_RUNPATH_SEARCH_PATHS = (
					"$(inherited)",
					"@executable_path/Frameworks",
				);
				MARKETING_VERSION = 1.0;
				PRODUCT_BUNDLE_IDENTIFIER = Wave.Wave1;
				PRODUCT_NAME = "$(TARGET_NAME)";
				SWIFT_EMIT_LOC_STRINGS = YES;
				SWIFT_VERSION = 5.0;
				TARGETED_DEVICE_FAMILY = "1,2";
			};
			name = Release;
		};
		871DE18E293F5C8D00F57E70 /* Debug */ = {
			isa = XCBuildConfiguration;
			buildSettings = {
				ALWAYS_EMBED_SWIFT_STANDARD_LIBRARIES = YES;
				BUNDLE_LOADER = "$(TEST_HOST)";
				CODE_SIGN_STYLE = Automatic;
				CURRENT_PROJECT_VERSION = 1;
				GENERATE_INFOPLIST_FILE = YES;
				IPHONEOS_DEPLOYMENT_TARGET = 16.0;
				MARKETING_VERSION = 1.0;
				PRODUCT_BUNDLE_IDENTIFIER = com.reema.WaveTideSignInTests;
				PRODUCT_NAME = "$(TARGET_NAME)";
				SWIFT_EMIT_LOC_STRINGS = NO;
				SWIFT_VERSION = 5.0;
				TARGETED_DEVICE_FAMILY = "1,2";
				TEST_HOST = "$(BUILT_PRODUCTS_DIR)/WaveTideSignIn.app/$(BUNDLE_EXECUTABLE_FOLDER_PATH)/WaveTideSignIn";
			};
			name = Debug;
		};
		871DE18F293F5C8D00F57E70 /* Release */ = {
			isa = XCBuildConfiguration;
			buildSettings = {
				ALWAYS_EMBED_SWIFT_STANDARD_LIBRARIES = YES;
				BUNDLE_LOADER = "$(TEST_HOST)";
				CODE_SIGN_STYLE = Automatic;
				CURRENT_PROJECT_VERSION = 1;
				GENERATE_INFOPLIST_FILE = YES;
				IPHONEOS_DEPLOYMENT_TARGET = 16.0;
				MARKETING_VERSION = 1.0;
				PRODUCT_BUNDLE_IDENTIFIER = com.reema.WaveTideSignInTests;
				PRODUCT_NAME = "$(TARGET_NAME)";
				SWIFT_EMIT_LOC_STRINGS = NO;
				SWIFT_VERSION = 5.0;
				TARGETED_DEVICE_FAMILY = "1,2";
				TEST_HOST = "$(BUILT_PRODUCTS_DIR)/WaveTideSignIn.app/$(BUNDLE_EXECUTABLE_FOLDER_PATH)/WaveTideSignIn";
			};
			name = Release;
		};
		871DE191293F5C8D00F57E70 /* Debug */ = {
			isa = XCBuildConfiguration;
			buildSettings = {
				ALWAYS_EMBED_SWIFT_STANDARD_LIBRARIES = YES;
				CODE_SIGN_STYLE = Automatic;
				CURRENT_PROJECT_VERSION = 1;
				GENERATE_INFOPLIST_FILE = YES;
				MARKETING_VERSION = 1.0;
				PRODUCT_BUNDLE_IDENTIFIER = com.reema.WaveTideSignInUITests;
				PRODUCT_NAME = "$(TARGET_NAME)";
				SWIFT_EMIT_LOC_STRINGS = NO;
				SWIFT_VERSION = 5.0;
				TARGETED_DEVICE_FAMILY = "1,2";
				TEST_TARGET_NAME = WaveTideSignIn;
			};
			name = Debug;
		};
		871DE192293F5C8D00F57E70 /* Release */ = {
			isa = XCBuildConfiguration;
			buildSettings = {
				ALWAYS_EMBED_SWIFT_STANDARD_LIBRARIES = YES;
				CODE_SIGN_STYLE = Automatic;
				CURRENT_PROJECT_VERSION = 1;
				GENERATE_INFOPLIST_FILE = YES;
				MARKETING_VERSION = 1.0;
				PRODUCT_BUNDLE_IDENTIFIER = com.reema.WaveTideSignInUITests;
				PRODUCT_NAME = "$(TARGET_NAME)";
				SWIFT_EMIT_LOC_STRINGS = NO;
				SWIFT_VERSION = 5.0;
				TARGETED_DEVICE_FAMILY = "1,2";
				TEST_TARGET_NAME = WaveTideSignIn;
			};
			name = Release;
		};
/* End XCBuildConfiguration section */

/* Begin XCConfigurationList section */
		871DE161293F5C8C00F57E70 /* Build configuration list for PBXProject "WaveTideSignIn" */ = {
			isa = XCConfigurationList;
			buildConfigurations = (
				871DE188293F5C8D00F57E70 /* Debug */,
				871DE189293F5C8D00F57E70 /* Release */,
			);
			defaultConfigurationIsVisible = 0;
			defaultConfigurationName = Release;
		};
		871DE18A293F5C8D00F57E70 /* Build configuration list for PBXNativeTarget "WaveTideSignIn" */ = {
			isa = XCConfigurationList;
			buildConfigurations = (
				871DE18B293F5C8D00F57E70 /* Debug */,
				871DE18C293F5C8D00F57E70 /* Release */,
			);
			defaultConfigurationIsVisible = 0;
			defaultConfigurationName = Release;
		};
		871DE18D293F5C8D00F57E70 /* Build configuration list for PBXNativeTarget "WaveTideSignInTests" */ = {
			isa = XCConfigurationList;
			buildConfigurations = (
				871DE18E293F5C8D00F57E70 /* Debug */,
				871DE18F293F5C8D00F57E70 /* Release */,
			);
			defaultConfigurationIsVisible = 0;
			defaultConfigurationName = Release;
		};
		871DE190293F5C8D00F57E70 /* Build configuration list for PBXNativeTarget "WaveTideSignInUITests" */ = {
			isa = XCConfigurationList;
			buildConfigurations = (
				871DE191293F5C8D00F57E70 /* Debug */,
				871DE192293F5C8D00F57E70 /* Release */,
			);
			defaultConfigurationIsVisible = 0;
			defaultConfigurationName = Release;
		};
/* End XCConfigurationList section */
	};
	rootObject = 871DE15E293F5C8C00F57E70 /* Project object */;
}
