// !$*UTF8*$!
{
	archiveVersion = 1;
	classes = {
	};
	objectVersion = 56;
	objects = {

/* Begin PBXBuildFile section */
		89B18351294138260080E1AF /* bookingpageApp.swift in Sources */ = {isa = PBXBuildFile; fileRef = 89B18350294138260080E1AF /* bookingpageApp.swift */; };
		89B18353294138260080E1AF /* bookingview.swift in Sources */ = {isa = PBXBuildFile; fileRef = 89B18352294138260080E1AF /* bookingview.swift */; };
		89B18355294138270080E1AF /* Assets.xcassets in Resources */ = {isa = PBXBuildFile; fileRef = 89B18354294138270080E1AF /* Assets.xcassets */; };
		89B18358294138270080E1AF /* Preview Assets.xcassets in Resources */ = {isa = PBXBuildFile; fileRef = 89B18357294138270080E1AF /* Preview Assets.xcassets */; };
		89B18362294138270080E1AF /* bookingpageTests.swift in Sources */ = {isa = PBXBuildFile; fileRef = 89B18361294138270080E1AF /* bookingpageTests.swift */; };
		89B1836C294138270080E1AF /* bookingpageUITests.swift in Sources */ = {isa = PBXBuildFile; fileRef = 89B1836B294138270080E1AF /* bookingpageUITests.swift */; };
		89B1836E294138270080E1AF /* bookingpageUITestsLaunchTests.swift in Sources */ = {isa = PBXBuildFile; fileRef = 89B1836D294138270080E1AF /* bookingpageUITestsLaunchTests.swift */; };
		89B1837C294219640080E1AF /* iPages in Frameworks */ = {isa = PBXBuildFile; productRef = 89B1837B294219640080E1AF /* iPages */; };
		89B183822942A4040080E1AF /* infoView.swift in Sources */ = {isa = PBXBuildFile; fileRef = 89B183812942A4040080E1AF /* infoView.swift */; };
/* End PBXBuildFile section */

/* Begin PBXContainerItemProxy section */
		89B1835E294138270080E1AF /* PBXContainerItemProxy */ = {
			isa = PBXContainerItemProxy;
			containerPortal = 89B18345294138260080E1AF /* Project object */;
			proxyType = 1;
			remoteGlobalIDString = 89B1834C294138260080E1AF;
			remoteInfo = bookingpage;
		};
		89B18368294138270080E1AF /* PBXContainerItemProxy */ = {
			isa = PBXContainerItemProxy;
			containerPortal = 89B18345294138260080E1AF /* Project object */;
			proxyType = 1;
			remoteGlobalIDString = 89B1834C294138260080E1AF;
			remoteInfo = bookingpage;
		};
/* End PBXContainerItemProxy section */

/* Begin PBXFileReference section */
		89B1834D294138260080E1AF /* bookingpage.app */ = {isa = PBXFileReference; explicitFileType = wrapper.application; includeInIndex = 0; path = bookingpage.app; sourceTree = BUILT_PRODUCTS_DIR; };
		89B18350294138260080E1AF /* bookingpageApp.swift */ = {isa = PBXFileReference; lastKnownFileType = sourcecode.swift; path = bookingpageApp.swift; sourceTree = "<group>"; };
		89B18352294138260080E1AF /* bookingview.swift */ = {isa = PBXFileReference; lastKnownFileType = sourcecode.swift; path = bookingview.swift; sourceTree = "<group>"; tabWidth = 5; };
		89B18354294138270080E1AF /* Assets.xcassets */ = {isa = PBXFileReference; lastKnownFileType = folder.assetcatalog; path = Assets.xcassets; sourceTree = "<group>"; };
		89B18357294138270080E1AF /* Preview Assets.xcassets */ = {isa = PBXFileReference; lastKnownFileType = folder.assetcatalog; path = "Preview Assets.xcassets"; sourceTree = "<group>"; };
		89B1835D294138270080E1AF /* bookingpageTests.xctest */ = {isa = PBXFileReference; explicitFileType = wrapper.cfbundle; includeInIndex = 0; path = bookingpageTests.xctest; sourceTree = BUILT_PRODUCTS_DIR; };
		89B18361294138270080E1AF /* bookingpageTests.swift */ = {isa = PBXFileReference; lastKnownFileType = sourcecode.swift; path = bookingpageTests.swift; sourceTree = "<group>"; };
		89B18367294138270080E1AF /* bookingpageUITests.xctest */ = {isa = PBXFileReference; explicitFileType = wrapper.cfbundle; includeInIndex = 0; path = bookingpageUITests.xctest; sourceTree = BUILT_PRODUCTS_DIR; };
		89B1836B294138270080E1AF /* bookingpageUITests.swift */ = {isa = PBXFileReference; lastKnownFileType = sourcecode.swift; path = bookingpageUITests.swift; sourceTree = "<group>"; };
		89B1836D294138270080E1AF /* bookingpageUITestsLaunchTests.swift */ = {isa = PBXFileReference; lastKnownFileType = sourcecode.swift; path = bookingpageUITestsLaunchTests.swift; sourceTree = "<group>"; };
		89B183812942A4040080E1AF /* infoView.swift */ = {isa = PBXFileReference; indentWidth = 4; lastKnownFileType = sourcecode.swift; path = infoView.swift; sourceTree = "<group>"; tabWidth = 1; usesTabs = 0; };
		89B184622948A1330080E1AF /* bookingpage.entitlements */ = {isa = PBXFileReference; lastKnownFileType = text.plist.entitlements; path = bookingpage.entitlements; sourceTree = "<group>"; };
/* End PBXFileReference section */

/* Begin PBXFrameworksBuildPhase section */
		89B1834A294138260080E1AF /* Frameworks */ = {
			isa = PBXFrameworksBuildPhase;
			buildActionMask = 2147483647;
			files = (
				89B1837C294219640080E1AF /* iPages in Frameworks */,
			);
			runOnlyForDeploymentPostprocessing = 0;
		};
		89B1835A294138270080E1AF /* Frameworks */ = {
			isa = PBXFrameworksBuildPhase;
			buildActionMask = 2147483647;
			files = (
			);
			runOnlyForDeploymentPostprocessing = 0;
		};
		89B18364294138270080E1AF /* Frameworks */ = {
			isa = PBXFrameworksBuildPhase;
			buildActionMask = 2147483647;
			files = (
			);
			runOnlyForDeploymentPostprocessing = 0;
		};
/* End PBXFrameworksBuildPhase section */

/* Begin PBXGroup section */
		89B18344294138260080E1AF = {
			isa = PBXGroup;
			children = (
				89B1834F294138260080E1AF /* bookingpage */,
				89B18360294138270080E1AF /* bookingpageTests */,
				89B1836A294138270080E1AF /* bookingpageUITests */,
				89B1834E294138260080E1AF /* Products */,
			);
			sourceTree = "<group>";
		};
		89B1834E294138260080E1AF /* Products */ = {
			isa = PBXGroup;
			children = (
				89B1834D294138260080E1AF /* bookingpage.app */,
				89B1835D294138270080E1AF /* bookingpageTests.xctest */,
				89B18367294138270080E1AF /* bookingpageUITests.xctest */,
			);
			name = Products;
			sourceTree = "<group>";
		};
		89B1834F294138260080E1AF /* bookingpage */ = {
			isa = PBXGroup;
			children = (
				89B184622948A1330080E1AF /* bookingpage.entitlements */,
				89B18350294138260080E1AF /* bookingpageApp.swift */,
				89B18352294138260080E1AF /* bookingview.swift */,
				89B183812942A4040080E1AF /* infoView.swift */,
				89B18354294138270080E1AF /* Assets.xcassets */,
				89B18356294138270080E1AF /* Preview Content */,
			);
			path = bookingpage;
			sourceTree = "<group>";
		};
		89B18356294138270080E1AF /* Preview Content */ = {
			isa = PBXGroup;
			children = (
				89B18357294138270080E1AF /* Preview Assets.xcassets */,
			);
			path = "Preview Content";
			sourceTree = "<group>";
		};
		89B18360294138270080E1AF /* bookingpageTests */ = {
			isa = PBXGroup;
			children = (
				89B18361294138270080E1AF /* bookingpageTests.swift */,
			);
			path = bookingpageTests;
			sourceTree = "<group>";
		};
		89B1836A294138270080E1AF /* bookingpageUITests */ = {
			isa = PBXGroup;
			children = (
				89B1836B294138270080E1AF /* bookingpageUITests.swift */,
				89B1836D294138270080E1AF /* bookingpageUITestsLaunchTests.swift */,
			);
			path = bookingpageUITests;
			sourceTree = "<group>";
		};
/* End PBXGroup section */

/* Begin PBXNativeTarget section */
		89B1834C294138260080E1AF /* bookingpage */ = {
			isa = PBXNativeTarget;
			buildConfigurationList = 89B18371294138270080E1AF /* Build configuration list for PBXNativeTarget "bookingpage" */;
			buildPhases = (
				89B18349294138260080E1AF /* Sources */,
				89B1834A294138260080E1AF /* Frameworks */,
				89B1834B294138260080E1AF /* Resources */,
			);
			buildRules = (
			);
			dependencies = (
			);
			name = bookingpage;
			packageProductDependencies = (
				89B1837B294219640080E1AF /* iPages */,
			);
			productName = bookingpage;
			productReference = 89B1834D294138260080E1AF /* bookingpage.app */;
			productType = "com.apple.product-type.application";
		};
		89B1835C294138270080E1AF /* bookingpageTests */ = {
			isa = PBXNativeTarget;
			buildConfigurationList = 89B18374294138270080E1AF /* Build configuration list for PBXNativeTarget "bookingpageTests" */;
			buildPhases = (
				89B18359294138270080E1AF /* Sources */,
				89B1835A294138270080E1AF /* Frameworks */,
				89B1835B294138270080E1AF /* Resources */,
			);
			buildRules = (
			);
			dependencies = (
				89B1835F294138270080E1AF /* PBXTargetDependency */,
			);
			name = bookingpageTests;
			productName = bookingpageTests;
			productReference = 89B1835D294138270080E1AF /* bookingpageTests.xctest */;
			productType = "com.apple.product-type.bundle.unit-test";
		};
		89B18366294138270080E1AF /* bookingpageUITests */ = {
			isa = PBXNativeTarget;
			buildConfigurationList = 89B18377294138270080E1AF /* Build configuration list for PBXNativeTarget "bookingpageUITests" */;
			buildPhases = (
				89B18363294138270080E1AF /* Sources */,
				89B18364294138270080E1AF /* Frameworks */,
				89B18365294138270080E1AF /* Resources */,
			);
			buildRules = (
			);
			dependencies = (
				89B18369294138270080E1AF /* PBXTargetDependency */,
			);
			name = bookingpageUITests;
			productName = bookingpageUITests;
			productReference = 89B18367294138270080E1AF /* bookingpageUITests.xctest */;
			productType = "com.apple.product-type.bundle.ui-testing";
		};
/* End PBXNativeTarget section */

/* Begin PBXProject section */
		89B18345294138260080E1AF /* Project object */ = {
			isa = PBXProject;
			attributes = {
				BuildIndependentTargetsInParallel = 1;
				LastSwiftUpdateCheck = 1410;
				LastUpgradeCheck = 1410;
				TargetAttributes = {
					89B1834C294138260080E1AF = {
						CreatedOnToolsVersion = 14.1;
					};
					89B1835C294138270080E1AF = {
						CreatedOnToolsVersion = 14.1;
						TestTargetID = 89B1834C294138260080E1AF;
					};
					89B18366294138270080E1AF = {
						CreatedOnToolsVersion = 14.1;
						TestTargetID = 89B1834C294138260080E1AF;
					};
				};
			};
			buildConfigurationList = 89B18348294138260080E1AF /* Build configuration list for PBXProject "bookingpage" */;
			compatibilityVersion = "Xcode 14.0";
			developmentRegion = en;
			hasScannedForEncodings = 0;
			knownRegions = (
				en,
				Base,
			);
			mainGroup = 89B18344294138260080E1AF;
			packageReferences = (
				89B1837A294219640080E1AF /* XCRemoteSwiftPackageReference "iPages" */,
			);
			productRefGroup = 89B1834E294138260080E1AF /* Products */;
			projectDirPath = "";
			projectRoot = "";
			targets = (
				89B1834C294138260080E1AF /* bookingpage */,
				89B1835C294138270080E1AF /* bookingpageTests */,
				89B18366294138270080E1AF /* bookingpageUITests */,
			);
		};
/* End PBXProject section */

/* Begin PBXResourcesBuildPhase section */
		89B1834B294138260080E1AF /* Resources */ = {
			isa = PBXResourcesBuildPhase;
			buildActionMask = 2147483647;
			files = (
				89B18358294138270080E1AF /* Preview Assets.xcassets in Resources */,
				89B18355294138270080E1AF /* Assets.xcassets in Resources */,
			);
			runOnlyForDeploymentPostprocessing = 0;
		};
		89B1835B294138270080E1AF /* Resources */ = {
			isa = PBXResourcesBuildPhase;
			buildActionMask = 2147483647;
			files = (
			);
			runOnlyForDeploymentPostprocessing = 0;
		};
		89B18365294138270080E1AF /* Resources */ = {
			isa = PBXResourcesBuildPhase;
			buildActionMask = 2147483647;
			files = (
			);
			runOnlyForDeploymentPostprocessing = 0;
		};
/* End PBXResourcesBuildPhase section */

/* Begin PBXSourcesBuildPhase section */
		89B18349294138260080E1AF /* Sources */ = {
			isa = PBXSourcesBuildPhase;
			buildActionMask = 2147483647;
			files = (
				89B18353294138260080E1AF /* bookingview.swift in Sources */,
				89B18351294138260080E1AF /* bookingpageApp.swift in Sources */,
				89B183822942A4040080E1AF /* infoView.swift in Sources */,
			);
			runOnlyForDeploymentPostprocessing = 0;
		};
		89B18359294138270080E1AF /* Sources */ = {
			isa = PBXSourcesBuildPhase;
			buildActionMask = 2147483647;
			files = (
				89B18362294138270080E1AF /* bookingpageTests.swift in Sources */,
			);
			runOnlyForDeploymentPostprocessing = 0;
		};
		89B18363294138270080E1AF /* Sources */ = {
			isa = PBXSourcesBuildPhase;
			buildActionMask = 2147483647;
			files = (
				89B1836C294138270080E1AF /* bookingpageUITests.swift in Sources */,
				89B1836E294138270080E1AF /* bookingpageUITestsLaunchTests.swift in Sources */,
			);
			runOnlyForDeploymentPostprocessing = 0;
		};
/* End PBXSourcesBuildPhase section */

/* Begin PBXTargetDependency section */
		89B1835F294138270080E1AF /* PBXTargetDependency */ = {
			isa = PBXTargetDependency;
			target = 89B1834C294138260080E1AF /* bookingpage */;
			targetProxy = 89B1835E294138270080E1AF /* PBXContainerItemProxy */;
		};
		89B18369294138270080E1AF /* PBXTargetDependency */ = {
			isa = PBXTargetDependency;
			target = 89B1834C294138260080E1AF /* bookingpage */;
			targetProxy = 89B18368294138270080E1AF /* PBXContainerItemProxy */;
		};
/* End PBXTargetDependency section */

/* Begin XCBuildConfiguration section */
		89B1836F294138270080E1AF /* Debug */ = {
			isa = XCBuildConfiguration;
			buildSettings = {
				ALWAYS_SEARCH_USER_PATHS = NO;
				CLANG_ANALYZER_NONNULL = YES;
				CLANG_ANALYZER_NUMBER_OBJECT_CONVERSION = YES_AGGRESSIVE;
				CLANG_CXX_LANGUAGE_STANDARD = "gnu++20";
				CLANG_ENABLE_MODULES = YES;
				CLANG_ENABLE_OBJC_ARC = YES;
				CLANG_ENABLE_OBJC_WEAK = YES;
				CLANG_WARN_BLOCK_CAPTURE_AUTORELEASING = YES;
				CLANG_WARN_BOOL_CONVERSION = YES;
				CLANG_WARN_COMMA = YES;
				CLANG_WARN_CONSTANT_CONVERSION = YES;
				CLANG_WARN_DEPRECATED_OBJC_IMPLEMENTATIONS = YES;
				CLANG_WARN_DIRECT_OBJC_ISA_USAGE = YES_ERROR;
				CLANG_WARN_DOCUMENTATION_COMMENTS = YES;
				CLANG_WARN_EMPTY_BODY = YES;
				CLANG_WARN_ENUM_CONVERSION = YES;
				CLANG_WARN_INFINITE_RECURSION = YES;
				CLANG_WARN_INT_CONVERSION = YES;
				CLANG_WARN_NON_LITERAL_NULL_CONVERSION = YES;
				CLANG_WARN_OBJC_IMPLICIT_RETAIN_SELF = YES;
				CLANG_WARN_OBJC_LITERAL_CONVERSION = YES;
				CLANG_WARN_OBJC_ROOT_CLASS = YES_ERROR;
				CLANG_WARN_QUOTED_INCLUDE_IN_FRAMEWORK_HEADER = YES;
				CLANG_WARN_RANGE_LOOP_ANALYSIS = YES;
				CLANG_WARN_STRICT_PROTOTYPES = YES;
				CLANG_WARN_SUSPICIOUS_MOVE = YES;
				CLANG_WARN_UNGUARDED_AVAILABILITY = YES_AGGRESSIVE;
				CLANG_WARN_UNREACHABLE_CODE = YES;
				CLANG_WARN__DUPLICATE_METHOD_MATCH = YES;
				COPY_PHASE_STRIP = NO;
				DEBUG_INFORMATION_FORMAT = dwarf;
				ENABLE_STRICT_OBJC_MSGSEND = YES;
				ENABLE_TESTABILITY = YES;
				GCC_C_LANGUAGE_STANDARD = gnu11;
				GCC_DYNAMIC_NO_PIC = NO;
				GCC_NO_COMMON_BLOCKS = YES;
				GCC_OPTIMIZATION_LEVEL = 0;
				GCC_PREPROCESSOR_DEFINITIONS = (
					"DEBUG=1",
					"$(inherited)",
				);
				GCC_WARN_64_TO_32_BIT_CONVERSION = YES;
				GCC_WARN_ABOUT_RETURN_TYPE = YES_ERROR;
				GCC_WARN_UNDECLARED_SELECTOR = YES;
				GCC_WARN_UNINITIALIZED_AUTOS = YES_AGGRESSIVE;
				GCC_WARN_UNUSED_FUNCTION = YES;
				GCC_WARN_UNUSED_VARIABLE = YES;
				IPHONEOS_DEPLOYMENT_TARGET = 16.1;
				MTL_ENABLE_DEBUG_INFO = INCLUDE_SOURCE;
				MTL_FAST_MATH = YES;
				ONLY_ACTIVE_ARCH = YES;
				SDKROOT = iphoneos;
				SWIFT_ACTIVE_COMPILATION_CONDITIONS = DEBUG;
				SWIFT_OPTIMIZATION_LEVEL = "-Onone";
			};
			name = Debug;
		};
		89B18370294138270080E1AF /* Release */ = {
			isa = XCBuildConfiguration;
			buildSettings = {
				ALWAYS_SEARCH_USER_PATHS = NO;
				CLANG_ANALYZER_NONNULL = YES;
				CLANG_ANALYZER_NUMBER_OBJECT_CONVERSION = YES_AGGRESSIVE;
				CLANG_CXX_LANGUAGE_STANDARD = "gnu++20";
				CLANG_ENABLE_MODULES = YES;
				CLANG_ENABLE_OBJC_ARC = YES;
				CLANG_ENABLE_OBJC_WEAK = YES;
				CLANG_WARN_BLOCK_CAPTURE_AUTORELEASING = YES;
				CLANG_WARN_BOOL_CONVERSION = YES;
				CLANG_WARN_COMMA = YES;
				CLANG_WARN_CONSTANT_CONVERSION = YES;
				CLANG_WARN_DEPRECATED_OBJC_IMPLEMENTATIONS = YES;
				CLANG_WARN_DIRECT_OBJC_ISA_USAGE = YES_ERROR;
				CLANG_WARN_DOCUMENTATION_COMMENTS = YES;
				CLANG_WARN_EMPTY_BODY = YES;
				CLANG_WARN_ENUM_CONVERSION = YES;
				CLANG_WARN_INFINITE_RECURSION = YES;
				CLANG_WARN_INT_CONVERSION = YES;
				CLANG_WARN_NON_LITERAL_NULL_CONVERSION = YES;
				CLANG_WARN_OBJC_IMPLICIT_RETAIN_SELF = YES;
				CLANG_WARN_OBJC_LITERAL_CONVERSION = YES;
				CLANG_WARN_OBJC_ROOT_CLASS = YES_ERROR;
				CLANG_WARN_QUOTED_INCLUDE_IN_FRAMEWORK_HEADER = YES;
				CLANG_WARN_RANGE_LOOP_ANALYSIS = YES;
				CLANG_WARN_STRICT_PROTOTYPES = YES;
				CLANG_WARN_SUSPICIOUS_MOVE = YES;
				CLANG_WARN_UNGUARDED_AVAILABILITY = YES_AGGRESSIVE;
				CLANG_WARN_UNREACHABLE_CODE = YES;
				CLANG_WARN__DUPLICATE_METHOD_MATCH = YES;
				COPY_PHASE_STRIP = NO;
				DEBUG_INFORMATION_FORMAT = "dwarf-with-dsym";
				ENABLE_NS_ASSERTIONS = NO;
				ENABLE_STRICT_OBJC_MSGSEND = YES;
				GCC_C_LANGUAGE_STANDARD = gnu11;
				GCC_NO_COMMON_BLOCKS = YES;
				GCC_WARN_64_TO_32_BIT_CONVERSION = YES;
				GCC_WARN_ABOUT_RETURN_TYPE = YES_ERROR;
				GCC_WARN_UNDECLARED_SELECTOR = YES;
				GCC_WARN_UNINITIALIZED_AUTOS = YES_AGGRESSIVE;
				GCC_WARN_UNUSED_FUNCTION = YES;
				GCC_WARN_UNUSED_VARIABLE = YES;
				IPHONEOS_DEPLOYMENT_TARGET = 16.1;
				MTL_ENABLE_DEBUG_INFO = NO;
				MTL_FAST_MATH = YES;
				SDKROOT = iphoneos;
				SWIFT_COMPILATION_MODE = wholemodule;
				SWIFT_OPTIMIZATION_LEVEL = "-O";
				VALIDATE_PRODUCT = YES;
			};
			name = Release;
		};
		89B18372294138270080E1AF /* Debug */ = {
			isa = XCBuildConfiguration;
			buildSettings = {
				ASSETCATALOG_COMPILER_APPICON_NAME = AppIcon;
				ASSETCATALOG_COMPILER_GLOBAL_ACCENT_COLOR_NAME = AccentColor;
				CODE_SIGN_ENTITLEMENTS = bookingpage/bookingpage.entitlements;
				CODE_SIGN_STYLE = Automatic;
				CURRENT_PROJECT_VERSION = 1;
				DEVELOPMENT_ASSET_PATHS = "\"bookingpage/Preview Content\"";
				DEVELOPMENT_TEAM = 8XRTPFHC3P;
				ENABLE_PREVIEWS = YES;
				GENERATE_INFOPLIST_FILE = YES;
				INFOPLIST_KEY_UIApplicationSceneManifest_Generation = YES;
				INFOPLIST_KEY_UIApplicationSupportsIndirectInputEvents = YES;
				INFOPLIST_KEY_UILaunchScreen_Generation = YES;
				INFOPLIST_KEY_UISupportedInterfaceOrientations_iPad = "UIInterfaceOrientationPortrait UIInterfaceOrientationPortraitUpsideDown UIInterfaceOrientationLandscapeLeft UIInterfaceOrientationLandscapeRight";
				INFOPLIST_KEY_UISupportedInterfaceOrientations_iPhone = "UIInterfaceOrientationPortrait UIInterfaceOrientationLandscapeLeft UIInterfaceOrientationLandscapeRight";
				LD_RUNPATH_SEARCH_PATHS = (
					"$(inherited)",
					"@executable_path/Frameworks",
				);
				MARKETING_VERSION = 1.0;
				PRODUCT_BUNDLE_IDENTIFIER = appleaca.bookingpage;
				PRODUCT_NAME = "$(TARGET_NAME)";
				SWIFT_EMIT_LOC_STRINGS = YES;
				SWIFT_VERSION = 5.0;
				TARGETED_DEVICE_FAMILY = "1,2";
			};
			name = Debug;
		};
		89B18373294138270080E1AF /* Release */ = {
			isa = XCBuildConfiguration;
			buildSettings = {
				ASSETCATALOG_COMPILER_APPICON_NAME = AppIcon;
				ASSETCATALOG_COMPILER_GLOBAL_ACCENT_COLOR_NAME = AccentColor;
				CODE_SIGN_ENTITLEMENTS = bookingpage/bookingpage.entitlements;
				CODE_SIGN_STYLE = Automatic;
				CURRENT_PROJECT_VERSION = 1;
				DEVELOPMENT_ASSET_PATHS = "\"bookingpage/Preview Content\"";
				DEVELOPMENT_TEAM = 8XRTPFHC3P;
				ENABLE_PREVIEWS = YES;
				GENERATE_INFOPLIST_FILE = YES;
				INFOPLIST_KEY_UIApplicationSceneManifest_Generation = YES;
				INFOPLIST_KEY_UIApplicationSupportsIndirectInputEvents = YES;
				INFOPLIST_KEY_UILaunchScreen_Generation = YES;
				INFOPLIST_KEY_UISupportedInterfaceOrientations_iPad = "UIInterfaceOrientationPortrait UIInterfaceOrientationPortraitUpsideDown UIInterfaceOrientationLandscapeLeft UIInterfaceOrientationLandscapeRight";
				INFOPLIST_KEY_UISupportedInterfaceOrientations_iPhone = "UIInterfaceOrientationPortrait UIInterfaceOrientationLandscapeLeft UIInterfaceOrientationLandscapeRight";
				LD_RUNPATH_SEARCH_PATHS = (
					"$(inherited)",
					"@executable_path/Frameworks",
				);
				MARKETING_VERSION = 1.0;
				PRODUCT_BUNDLE_IDENTIFIER = appleaca.bookingpage;
				PRODUCT_NAME = "$(TARGET_NAME)";
				SWIFT_EMIT_LOC_STRINGS = YES;
				SWIFT_VERSION = 5.0;
				TARGETED_DEVICE_FAMILY = "1,2";
			};
			name = Release;
		};
		89B18375294138270080E1AF /* Debug */ = {
			isa = XCBuildConfiguration;
			buildSettings = {
				ALWAYS_EMBED_SWIFT_STANDARD_LIBRARIES = YES;
				BUNDLE_LOADER = "$(TEST_HOST)";
				CODE_SIGN_STYLE = Automatic;
				CURRENT_PROJECT_VERSION = 1;
				DEVELOPMENT_TEAM = 8XRTPFHC3P;
				GENERATE_INFOPLIST_FILE = YES;
				IPHONEOS_DEPLOYMENT_TARGET = 16.1;
				MARKETING_VERSION = 1.0;
				PRODUCT_BUNDLE_IDENTIFIER = appleaca.bookingpageTests;
				PRODUCT_NAME = "$(TARGET_NAME)";
				SWIFT_EMIT_LOC_STRINGS = NO;
				SWIFT_VERSION = 5.0;
				TARGETED_DEVICE_FAMILY = "1,2";
				TEST_HOST = "$(BUILT_PRODUCTS_DIR)/bookingpage.app/$(BUNDLE_EXECUTABLE_FOLDER_PATH)/bookingpage";
			};
			name = Debug;
		};
		89B18376294138270080E1AF /* Release */ = {
			isa = XCBuildConfiguration;
			buildSettings = {
				ALWAYS_EMBED_SWIFT_STANDARD_LIBRARIES = YES;
				BUNDLE_LOADER = "$(TEST_HOST)";
				CODE_SIGN_STYLE = Automatic;
				CURRENT_PROJECT_VERSION = 1;
				DEVELOPMENT_TEAM = 8XRTPFHC3P;
				GENERATE_INFOPLIST_FILE = YES;
				IPHONEOS_DEPLOYMENT_TARGET = 16.1;
				MARKETING_VERSION = 1.0;
				PRODUCT_BUNDLE_IDENTIFIER = appleaca.bookingpageTests;
				PRODUCT_NAME = "$(TARGET_NAME)";
				SWIFT_EMIT_LOC_STRINGS = NO;
				SWIFT_VERSION = 5.0;
				TARGETED_DEVICE_FAMILY = "1,2";
				TEST_HOST = "$(BUILT_PRODUCTS_DIR)/bookingpage.app/$(BUNDLE_EXECUTABLE_FOLDER_PATH)/bookingpage";
			};
			name = Release;
		};
		89B18378294138270080E1AF /* Debug */ = {
			isa = XCBuildConfiguration;
			buildSettings = {
				ALWAYS_EMBED_SWIFT_STANDARD_LIBRARIES = YES;
				CODE_SIGN_STYLE = Automatic;
				CURRENT_PROJECT_VERSION = 1;
				DEVELOPMENT_TEAM = 8XRTPFHC3P;
				GENERATE_INFOPLIST_FILE = YES;
				MARKETING_VERSION = 1.0;
				PRODUCT_BUNDLE_IDENTIFIER = appleaca.bookingpageUITests;
				PRODUCT_NAME = "$(TARGET_NAME)";
				SWIFT_EMIT_LOC_STRINGS = NO;
				SWIFT_VERSION = 5.0;
				TARGETED_DEVICE_FAMILY = "1,2";
				TEST_TARGET_NAME = bookingpage;
			};
			name = Debug;
		};
		89B18379294138270080E1AF /* Release */ = {
			isa = XCBuildConfiguration;
			buildSettings = {
				ALWAYS_EMBED_SWIFT_STANDARD_LIBRARIES = YES;
				CODE_SIGN_STYLE = Automatic;
				CURRENT_PROJECT_VERSION = 1;
				DEVELOPMENT_TEAM = 8XRTPFHC3P;
				GENERATE_INFOPLIST_FILE = YES;
				MARKETING_VERSION = 1.0;
				PRODUCT_BUNDLE_IDENTIFIER = appleaca.bookingpageUITests;
				PRODUCT_NAME = "$(TARGET_NAME)";
				SWIFT_EMIT_LOC_STRINGS = NO;
				SWIFT_VERSION = 5.0;
				TARGETED_DEVICE_FAMILY = "1,2";
				TEST_TARGET_NAME = bookingpage;
			};
			name = Release;
		};
/* End XCBuildConfiguration section */

/* Begin XCConfigurationList section */
		89B18348294138260080E1AF /* Build configuration list for PBXProject "bookingpage" */ = {
			isa = XCConfigurationList;
			buildConfigurations = (
				89B1836F294138270080E1AF /* Debug */,
				89B18370294138270080E1AF /* Release */,
			);
			defaultConfigurationIsVisible = 0;
			defaultConfigurationName = Release;
		};
		89B18371294138270080E1AF /* Build configuration list for PBXNativeTarget "bookingpage" */ = {
			isa = XCConfigurationList;
			buildConfigurations = (
				89B18372294138270080E1AF /* Debug */,
				89B18373294138270080E1AF /* Release */,
			);
			defaultConfigurationIsVisible = 0;
			defaultConfigurationName = Release;
		};
		89B18374294138270080E1AF /* Build configuration list for PBXNativeTarget "bookingpageTests" */ = {
			isa = XCConfigurationList;
			buildConfigurations = (
				89B18375294138270080E1AF /* Debug */,
				89B18376294138270080E1AF /* Release */,
			);
			defaultConfigurationIsVisible = 0;
			defaultConfigurationName = Release;
		};
		89B18377294138270080E1AF /* Build configuration list for PBXNativeTarget "bookingpageUITests" */ = {
			isa = XCConfigurationList;
			buildConfigurations = (
				89B18378294138270080E1AF /* Debug */,
				89B18379294138270080E1AF /* Release */,
			);
			defaultConfigurationIsVisible = 0;
			defaultConfigurationName = Release;
		};
/* End XCConfigurationList section */

/* Begin XCRemoteSwiftPackageReference section */
		89B1837A294219640080E1AF /* XCRemoteSwiftPackageReference "iPages" */ = {
			isa = XCRemoteSwiftPackageReference;
			repositoryURL = "https://github.com/benjaminsage/iPages.git";
			requirement = {
				kind = upToNextMajorVersion;
				minimumVersion = 0.0.9;
			};
		};
/* End XCRemoteSwiftPackageReference section */

/* Begin XCSwiftPackageProductDependency section */
		89B1837B294219640080E1AF /* iPages */ = {
			isa = XCSwiftPackageProductDependency;
			package = 89B1837A294219640080E1AF /* XCRemoteSwiftPackageReference "iPages" */;
			productName = iPages;
		};
/* End XCSwiftPackageProductDependency section */
	};
	rootObject = 89B18345294138260080E1AF /* Project object */;
}
