// !$*UTF8*$!
{
	archiveVersion = 1;
	classes = {
	};
	objectVersion = 56;
	objects = {

/* Begin PBXBuildFile section */
		8F52385B294DE820009C25F3 /* LandingPage.swift in Sources */ = {isa = PBXBuildFile; fileRef = 8F52385A294DE820009C25F3 /* LandingPage.swift */; };
		8F84EFD2294DE52900071664 /* FinalApp.swift in Sources */ = {isa = PBXBuildFile; fileRef = 8F84EFD1294DE52900071664 /* FinalApp.swift */; };
		8F84EFD4294DE52900071664 /* ContentView.swift in Sources */ = {isa = PBXBuildFile; fileRef = 8F84EFD3294DE52900071664 /* ContentView.swift */; };
		8F84EFD6294DE52900071664 /* Assets.xcassets in Resources */ = {isa = PBXBuildFile; fileRef = 8F84EFD5294DE52900071664 /* Assets.xcassets */; };
		8F84EFDB294DE52900071664 /* Persistence.swift in Sources */ = {isa = PBXBuildFile; fileRef = 8F84EFDA294DE52900071664 /* Persistence.swift */; };
		8F84EFDE294DE52900071664 /* Final.xcdatamodeld in Sources */ = {isa = PBXBuildFile; fileRef = 8F84EFDC294DE52900071664 /* Final.xcdatamodeld */; };
		8F84EFE8294DE52A00071664 /* FinalTests.swift in Sources */ = {isa = PBXBuildFile; fileRef = 8F84EFE7294DE52A00071664 /* FinalTests.swift */; };
		8F84EFF2294DE52A00071664 /* FinalUITests.swift in Sources */ = {isa = PBXBuildFile; fileRef = 8F84EFF1294DE52A00071664 /* FinalUITests.swift */; };
		8F84EFF4294DE52A00071664 /* FinalUITestsLaunchTests.swift in Sources */ = {isa = PBXBuildFile; fileRef = 8F84EFF3294DE52A00071664 /* FinalUITestsLaunchTests.swift */; };
/* End PBXBuildFile section */

/* Begin PBXContainerItemProxy section */
		8F84EFE4294DE52A00071664 /* PBXContainerItemProxy */ = {
			isa = PBXContainerItemProxy;
			containerPortal = 8F84EFC6294DE52900071664 /* Project object */;
			proxyType = 1;
			remoteGlobalIDString = 8F84EFCD294DE52900071664;
			remoteInfo = Final;
		};
		8F84EFEE294DE52A00071664 /* PBXContainerItemProxy */ = {
			isa = PBXContainerItemProxy;
			containerPortal = 8F84EFC6294DE52900071664 /* Project object */;
			proxyType = 1;
			remoteGlobalIDString = 8F84EFCD294DE52900071664;
			remoteInfo = Final;
		};
/* End PBXContainerItemProxy section */

/* Begin PBXFileReference section */
		8F52385A294DE820009C25F3 /* LandingPage.swift */ = {isa = PBXFileReference; lastKnownFileType = sourcecode.swift; path = LandingPage.swift; sourceTree = "<group>"; };
		8F84EFCE294DE52900071664 /* Final.app */ = {isa = PBXFileReference; explicitFileType = wrapper.application; includeInIndex = 0; path = Final.app; sourceTree = BUILT_PRODUCTS_DIR; };
		8F84EFD1294DE52900071664 /* FinalApp.swift */ = {isa = PBXFileReference; lastKnownFileType = sourcecode.swift; path = FinalApp.swift; sourceTree = "<group>"; };
		8F84EFD3294DE52900071664 /* ContentView.swift */ = {isa = PBXFileReference; lastKnownFileType = sourcecode.swift; path = ContentView.swift; sourceTree = "<group>"; };
		8F84EFD5294DE52900071664 /* Assets.xcassets */ = {isa = PBXFileReference; lastKnownFileType = folder.assetcatalog; path = Assets.xcassets; sourceTree = "<group>"; };
		8F84EFDA294DE52900071664 /* Persistence.swift */ = {isa = PBXFileReference; lastKnownFileType = sourcecode.swift; path = Persistence.swift; sourceTree = "<group>"; };
		8F84EFDD294DE52900071664 /* Final.xcdatamodel */ = {isa = PBXFileReference; lastKnownFileType = wrapper.xcdatamodel; path = Final.xcdatamodel; sourceTree = "<group>"; };
		8F84EFE3294DE52A00071664 /* FinalTests.xctest */ = {isa = PBXFileReference; explicitFileType = wrapper.cfbundle; includeInIndex = 0; path = FinalTests.xctest; sourceTree = BUILT_PRODUCTS_DIR; };
		8F84EFE7294DE52A00071664 /* FinalTests.swift */ = {isa = PBXFileReference; lastKnownFileType = sourcecode.swift; path = FinalTests.swift; sourceTree = "<group>"; };
		8F84EFED294DE52A00071664 /* FinalUITests.xctest */ = {isa = PBXFileReference; explicitFileType = wrapper.cfbundle; includeInIndex = 0; path = FinalUITests.xctest; sourceTree = BUILT_PRODUCTS_DIR; };
		8F84EFF1294DE52A00071664 /* FinalUITests.swift */ = {isa = PBXFileReference; lastKnownFileType = sourcecode.swift; path = FinalUITests.swift; sourceTree = "<group>"; };
		8F84EFF3294DE52A00071664 /* FinalUITestsLaunchTests.swift */ = {isa = PBXFileReference; lastKnownFileType = sourcecode.swift; path = FinalUITestsLaunchTests.swift; sourceTree = "<group>"; };
/* End PBXFileReference section */

/* Begin PBXFrameworksBuildPhase section */
		8F84EFCB294DE52900071664 /* Frameworks */ = {
			isa = PBXFrameworksBuildPhase;
			buildActionMask = 2147483647;
			files = (
			);
			runOnlyForDeploymentPostprocessing = 0;
		};
		8F84EFE0294DE52A00071664 /* Frameworks */ = {
			isa = PBXFrameworksBuildPhase;
			buildActionMask = 2147483647;
			files = (
			);
			runOnlyForDeploymentPostprocessing = 0;
		};
		8F84EFEA294DE52A00071664 /* Frameworks */ = {
			isa = PBXFrameworksBuildPhase;
			buildActionMask = 2147483647;
			files = (
			);
			runOnlyForDeploymentPostprocessing = 0;
		};
/* End PBXFrameworksBuildPhase section */

/* Begin PBXGroup section */
		8F84EFC5294DE52900071664 = {
			isa = PBXGroup;
			children = (
				8F84EFD0294DE52900071664 /* Final */,
				8F84EFE6294DE52A00071664 /* FinalTests */,
				8F84EFF0294DE52A00071664 /* FinalUITests */,
				8F84EFCF294DE52900071664 /* Products */,
			);
			sourceTree = "<group>";
		};
		8F84EFCF294DE52900071664 /* Products */ = {
			isa = PBXGroup;
			children = (
				8F84EFCE294DE52900071664 /* Final.app */,
				8F84EFE3294DE52A00071664 /* FinalTests.xctest */,
				8F84EFED294DE52A00071664 /* FinalUITests.xctest */,
			);
			name = Products;
			sourceTree = "<group>";
		};
		8F84EFD0294DE52900071664 /* Final */ = {
			isa = PBXGroup;
			children = (
				8F52385A294DE820009C25F3 /* LandingPage.swift */,
				8F84EFD3294DE52900071664 /* ContentView.swift */,
				8F84EFD1294DE52900071664 /* FinalApp.swift */,
				8F84EFD5294DE52900071664 /* Assets.xcassets */,
				8F84EFDA294DE52900071664 /* Persistence.swift */,
				8F84EFDC294DE52900071664 /* Final.xcdatamodeld */,
			);
			path = Final;
			sourceTree = "<group>";
		};
		8F84EFE6294DE52A00071664 /* FinalTests */ = {
			isa = PBXGroup;
			children = (
				8F84EFE7294DE52A00071664 /* FinalTests.swift */,
			);
			path = FinalTests;
			sourceTree = "<group>";
		};
		8F84EFF0294DE52A00071664 /* FinalUITests */ = {
			isa = PBXGroup;
			children = (
				8F84EFF1294DE52A00071664 /* FinalUITests.swift */,
				8F84EFF3294DE52A00071664 /* FinalUITestsLaunchTests.swift */,
			);
			path = FinalUITests;
			sourceTree = "<group>";
		};
/* End PBXGroup section */

/* Begin PBXNativeTarget section */
		8F84EFCD294DE52900071664 /* Final */ = {
			isa = PBXNativeTarget;
			buildConfigurationList = 8F84EFF7294DE52A00071664 /* Build configuration list for PBXNativeTarget "Final" */;
			buildPhases = (
				8F84EFCA294DE52900071664 /* Sources */,
				8F84EFCB294DE52900071664 /* Frameworks */,
				8F84EFCC294DE52900071664 /* Resources */,
			);
			buildRules = (
			);
			dependencies = (
			);
			name = Final;
			productName = Final;
			productReference = 8F84EFCE294DE52900071664 /* Final.app */;
			productType = "com.apple.product-type.application";
		};
		8F84EFE2294DE52A00071664 /* FinalTests */ = {
			isa = PBXNativeTarget;
			buildConfigurationList = 8F84EFFA294DE52A00071664 /* Build configuration list for PBXNativeTarget "FinalTests" */;
			buildPhases = (
				8F84EFDF294DE52A00071664 /* Sources */,
				8F84EFE0294DE52A00071664 /* Frameworks */,
				8F84EFE1294DE52A00071664 /* Resources */,
			);
			buildRules = (
			);
			dependencies = (
				8F84EFE5294DE52A00071664 /* PBXTargetDependency */,
			);
			name = FinalTests;
			productName = FinalTests;
			productReference = 8F84EFE3294DE52A00071664 /* FinalTests.xctest */;
			productType = "com.apple.product-type.bundle.unit-test";
		};
		8F84EFEC294DE52A00071664 /* FinalUITests */ = {
			isa = PBXNativeTarget;
			buildConfigurationList = 8F84EFFD294DE52A00071664 /* Build configuration list for PBXNativeTarget "FinalUITests" */;
			buildPhases = (
				8F84EFE9294DE52A00071664 /* Sources */,
				8F84EFEA294DE52A00071664 /* Frameworks */,
				8F84EFEB294DE52A00071664 /* Resources */,
			);
			buildRules = (
			);
			dependencies = (
				8F84EFEF294DE52A00071664 /* PBXTargetDependency */,
			);
			name = FinalUITests;
			productName = FinalUITests;
			productReference = 8F84EFED294DE52A00071664 /* FinalUITests.xctest */;
			productType = "com.apple.product-type.bundle.ui-testing";
		};
/* End PBXNativeTarget section */

/* Begin PBXProject section */
		8F84EFC6294DE52900071664 /* Project object */ = {
			isa = PBXProject;
			attributes = {
				BuildIndependentTargetsInParallel = 1;
				LastSwiftUpdateCheck = 1420;
				LastUpgradeCheck = 1420;
				TargetAttributes = {
					8F84EFCD294DE52900071664 = {
						CreatedOnToolsVersion = 14.2;
					};
					8F84EFE2294DE52A00071664 = {
						CreatedOnToolsVersion = 14.2;
						TestTargetID = 8F84EFCD294DE52900071664;
					};
					8F84EFEC294DE52A00071664 = {
						CreatedOnToolsVersion = 14.2;
						TestTargetID = 8F84EFCD294DE52900071664;
					};
				};
			};
			buildConfigurationList = 8F84EFC9294DE52900071664 /* Build configuration list for PBXProject "Final" */;
			compatibilityVersion = "Xcode 14.0";
			developmentRegion = en;
			hasScannedForEncodings = 0;
			knownRegions = (
				en,
				Base,
			);
			mainGroup = 8F84EFC5294DE52900071664;
			productRefGroup = 8F84EFCF294DE52900071664 /* Products */;
			projectDirPath = "";
			projectRoot = "";
			targets = (
				8F84EFCD294DE52900071664 /* Final */,
				8F84EFE2294DE52A00071664 /* FinalTests */,
				8F84EFEC294DE52A00071664 /* FinalUITests */,
			);
		};
/* End PBXProject section */

/* Begin PBXResourcesBuildPhase section */
		8F84EFCC294DE52900071664 /* Resources */ = {
			isa = PBXResourcesBuildPhase;
			buildActionMask = 2147483647;
			files = (
				8F84EFD6294DE52900071664 /* Assets.xcassets in Resources */,
			);
			runOnlyForDeploymentPostprocessing = 0;
		};
		8F84EFE1294DE52A00071664 /* Resources */ = {
			isa = PBXResourcesBuildPhase;
			buildActionMask = 2147483647;
			files = (
			);
			runOnlyForDeploymentPostprocessing = 0;
		};
		8F84EFEB294DE52A00071664 /* Resources */ = {
			isa = PBXResourcesBuildPhase;
			buildActionMask = 2147483647;
			files = (
			);
			runOnlyForDeploymentPostprocessing = 0;
		};
/* End PBXResourcesBuildPhase section */

/* Begin PBXSourcesBuildPhase section */
		8F84EFCA294DE52900071664 /* Sources */ = {
			isa = PBXSourcesBuildPhase;
			buildActionMask = 2147483647;
			files = (
				8F84EFDE294DE52900071664 /* Final.xcdatamodeld in Sources */,
				8F52385B294DE820009C25F3 /* LandingPage.swift in Sources */,
				8F84EFDB294DE52900071664 /* Persistence.swift in Sources */,
				8F84EFD4294DE52900071664 /* ContentView.swift in Sources */,
				8F84EFD2294DE52900071664 /* FinalApp.swift in Sources */,
			);
			runOnlyForDeploymentPostprocessing = 0;
		};
		8F84EFDF294DE52A00071664 /* Sources */ = {
			isa = PBXSourcesBuildPhase;
			buildActionMask = 2147483647;
			files = (
				8F84EFE8294DE52A00071664 /* FinalTests.swift in Sources */,
			);
			runOnlyForDeploymentPostprocessing = 0;
		};
		8F84EFE9294DE52A00071664 /* Sources */ = {
			isa = PBXSourcesBuildPhase;
			buildActionMask = 2147483647;
			files = (
				8F84EFF2294DE52A00071664 /* FinalUITests.swift in Sources */,
				8F84EFF4294DE52A00071664 /* FinalUITestsLaunchTests.swift in Sources */,
			);
			runOnlyForDeploymentPostprocessing = 0;
		};
/* End PBXSourcesBuildPhase section */

/* Begin PBXTargetDependency section */
		8F84EFE5294DE52A00071664 /* PBXTargetDependency */ = {
			isa = PBXTargetDependency;
			target = 8F84EFCD294DE52900071664 /* Final */;
			targetProxy = 8F84EFE4294DE52A00071664 /* PBXContainerItemProxy */;
		};
		8F84EFEF294DE52A00071664 /* PBXTargetDependency */ = {
			isa = PBXTargetDependency;
			target = 8F84EFCD294DE52900071664 /* Final */;
			targetProxy = 8F84EFEE294DE52A00071664 /* PBXContainerItemProxy */;
		};
/* End PBXTargetDependency section */

/* Begin XCBuildConfiguration section */
		8F84EFF5294DE52A00071664 /* Debug */ = {
			isa = XCBuildConfiguration;
			buildSettings = {
				ALWAYS_SEARCH_USER_PATHS = NO;
				CLANG_ANALYZER_NONNULL = YES;
				CLANG_ANALYZER_NUMBER_OBJECT_CONVERSION = YES_AGGRESSIVE;
				CLANG_CXX_LANGUAGE_STANDARD = "gnu++20";
				CLANG_ENABLE_MODULES = YES;
				CLANG_ENABLE_OBJC_ARC = YES;
				CLANG_ENABLE_OBJC_WEAK = YES;
				CLANG_WARN_BLOCK_CAPTURE_AUTORELEASING = YES;
				CLANG_WARN_BOOL_CONVERSION = YES;
				CLANG_WARN_COMMA = YES;
				CLANG_WARN_CONSTANT_CONVERSION = YES;
				CLANG_WARN_DEPRECATED_OBJC_IMPLEMENTATIONS = YES;
				CLANG_WARN_DIRECT_OBJC_ISA_USAGE = YES_ERROR;
				CLANG_WARN_DOCUMENTATION_COMMENTS = YES;
				CLANG_WARN_EMPTY_BODY = YES;
				CLANG_WARN_ENUM_CONVERSION = YES;
				CLANG_WARN_INFINITE_RECURSION = YES;
				CLANG_WARN_INT_CONVERSION = YES;
				CLANG_WARN_NON_LITERAL_NULL_CONVERSION = YES;
				CLANG_WARN_OBJC_IMPLICIT_RETAIN_SELF = YES;
				CLANG_WARN_OBJC_LITERAL_CONVERSION = YES;
				CLANG_WARN_OBJC_ROOT_CLASS = YES_ERROR;
				CLANG_WARN_QUOTED_INCLUDE_IN_FRAMEWORK_HEADER = YES;
				CLANG_WARN_RANGE_LOOP_ANALYSIS = YES;
				CLANG_WARN_STRICT_PROTOTYPES = YES;
				CLANG_WARN_SUSPICIOUS_MOVE = YES;
				CLANG_WARN_UNGUARDED_AVAILABILITY = YES_AGGRESSIVE;
				CLANG_WARN_UNREACHABLE_CODE = YES;
				CLANG_WARN__DUPLICATE_METHOD_MATCH = YES;
				COPY_PHASE_STRIP = NO;
				DEBUG_INFORMATION_FORMAT = dwarf;
				ENABLE_STRICT_OBJC_MSGSEND = YES;
				ENABLE_TESTABILITY = YES;
				GCC_C_LANGUAGE_STANDARD = gnu11;
				GCC_DYNAMIC_NO_PIC = NO;
				GCC_NO_COMMON_BLOCKS = YES;
				GCC_OPTIMIZATION_LEVEL = 0;
				GCC_PREPROCESSOR_DEFINITIONS = (
					"DEBUG=1",
					"$(inherited)",
				);
				GCC_WARN_64_TO_32_BIT_CONVERSION = YES;
				GCC_WARN_ABOUT_RETURN_TYPE = YES_ERROR;
				GCC_WARN_UNDECLARED_SELECTOR = YES;
				GCC_WARN_UNINITIALIZED_AUTOS = YES_AGGRESSIVE;
				GCC_WARN_UNUSED_FUNCTION = YES;
				GCC_WARN_UNUSED_VARIABLE = YES;
				IPHONEOS_DEPLOYMENT_TARGET = 16.2;
				MTL_ENABLE_DEBUG_INFO = INCLUDE_SOURCE;
				MTL_FAST_MATH = YES;
				ONLY_ACTIVE_ARCH = YES;
				SDKROOT = iphoneos;
				SWIFT_ACTIVE_COMPILATION_CONDITIONS = DEBUG;
				SWIFT_OPTIMIZATION_LEVEL = "-Onone";
			};
			name = Debug;
		};
		8F84EFF6294DE52A00071664 /* Release */ = {
			isa = XCBuildConfiguration;
			buildSettings = {
				ALWAYS_SEARCH_USER_PATHS = NO;
				CLANG_ANALYZER_NONNULL = YES;
				CLANG_ANALYZER_NUMBER_OBJECT_CONVERSION = YES_AGGRESSIVE;
				CLANG_CXX_LANGUAGE_STANDARD = "gnu++20";
				CLANG_ENABLE_MODULES = YES;
				CLANG_ENABLE_OBJC_ARC = YES;
				CLANG_ENABLE_OBJC_WEAK = YES;
				CLANG_WARN_BLOCK_CAPTURE_AUTORELEASING = YES;
				CLANG_WARN_BOOL_CONVERSION = YES;
				CLANG_WARN_COMMA = YES;
				CLANG_WARN_CONSTANT_CONVERSION = YES;
				CLANG_WARN_DEPRECATED_OBJC_IMPLEMENTATIONS = YES;
				CLANG_WARN_DIRECT_OBJC_ISA_USAGE = YES_ERROR;
				CLANG_WARN_DOCUMENTATION_COMMENTS = YES;
				CLANG_WARN_EMPTY_BODY = YES;
				CLANG_WARN_ENUM_CONVERSION = YES;
				CLANG_WARN_INFINITE_RECURSION = YES;
				CLANG_WARN_INT_CONVERSION = YES;
				CLANG_WARN_NON_LITERAL_NULL_CONVERSION = YES;
				CLANG_WARN_OBJC_IMPLICIT_RETAIN_SELF = YES;
				CLANG_WARN_OBJC_LITERAL_CONVERSION = YES;
				CLANG_WARN_OBJC_ROOT_CLASS = YES_ERROR;
				CLANG_WARN_QUOTED_INCLUDE_IN_FRAMEWORK_HEADER = YES;
				CLANG_WARN_RANGE_LOOP_ANALYSIS = YES;
				CLANG_WARN_STRICT_PROTOTYPES = YES;
				CLANG_WARN_SUSPICIOUS_MOVE = YES;
				CLANG_WARN_UNGUARDED_AVAILABILITY = YES_AGGRESSIVE;
				CLANG_WARN_UNREACHABLE_CODE = YES;
				CLANG_WARN__DUPLICATE_METHOD_MATCH = YES;
				COPY_PHASE_STRIP = NO;
				DEBUG_INFORMATION_FORMAT = "dwarf-with-dsym";
				ENABLE_NS_ASSERTIONS = NO;
				ENABLE_STRICT_OBJC_MSGSEND = YES;
				GCC_C_LANGUAGE_STANDARD = gnu11;
				GCC_NO_COMMON_BLOCKS = YES;
				GCC_WARN_64_TO_32_BIT_CONVERSION = YES;
				GCC_WARN_ABOUT_RETURN_TYPE = YES_ERROR;
				GCC_WARN_UNDECLARED_SELECTOR = YES;
				GCC_WARN_UNINITIALIZED_AUTOS = YES_AGGRESSIVE;
				GCC_WARN_UNUSED_FUNCTION = YES;
				GCC_WARN_UNUSED_VARIABLE = YES;
				IPHONEOS_DEPLOYMENT_TARGET = 16.2;
				MTL_ENABLE_DEBUG_INFO = NO;
				MTL_FAST_MATH = YES;
				SDKROOT = iphoneos;
				SWIFT_COMPILATION_MODE = wholemodule;
				SWIFT_OPTIMIZATION_LEVEL = "-O";
				VALIDATE_PRODUCT = YES;
			};
			name = Release;
		};
		8F84EFF8294DE52A00071664 /* Debug */ = {
			isa = XCBuildConfiguration;
			buildSettings = {
				ASSETCATALOG_COMPILER_APPICON_NAME = AppIcon;
				ASSETCATALOG_COMPILER_GLOBAL_ACCENT_COLOR_NAME = AccentColor;
				CODE_SIGN_STYLE = Automatic;
				CURRENT_PROJECT_VERSION = 1;
				DEVELOPMENT_ASSET_PATHS = "\"Final/Preview Content\"";
				DEVELOPMENT_TEAM = 7S5MP9M957;
				ENABLE_PREVIEWS = YES;
				GENERATE_INFOPLIST_FILE = YES;
				INFOPLIST_KEY_UIApplicationSceneManifest_Generation = YES;
				INFOPLIST_KEY_UIApplicationSupportsIndirectInputEvents = YES;
				INFOPLIST_KEY_UILaunchScreen_Generation = YES;
				INFOPLIST_KEY_UISupportedInterfaceOrientations_iPad = "UIInterfaceOrientationPortrait UIInterfaceOrientationPortraitUpsideDown UIInterfaceOrientationLandscapeLeft UIInterfaceOrientationLandscapeRight";
				INFOPLIST_KEY_UISupportedInterfaceOrientations_iPhone = "UIInterfaceOrientationPortrait UIInterfaceOrientationLandscapeLeft UIInterfaceOrientationLandscapeRight";
				LD_RUNPATH_SEARCH_PATHS = (
					"$(inherited)",
					"@executable_path/Frameworks",
				);
				MARKETING_VERSION = 1.0;
				PRODUCT_BUNDLE_IDENTIFIER = twq.Final;
				PRODUCT_NAME = "$(TARGET_NAME)";
				SWIFT_EMIT_LOC_STRINGS = YES;
				SWIFT_VERSION = 5.0;
				TARGETED_DEVICE_FAMILY = "1,2";
			};
			name = Debug;
		};
		8F84EFF9294DE52A00071664 /* Release */ = {
			isa = XCBuildConfiguration;
			buildSettings = {
				ASSETCATALOG_COMPILER_APPICON_NAME = AppIcon;
				ASSETCATALOG_COMPILER_GLOBAL_ACCENT_COLOR_NAME = AccentColor;
				CODE_SIGN_STYLE = Automatic;
				CURRENT_PROJECT_VERSION = 1;
				DEVELOPMENT_ASSET_PATHS = "\"Final/Preview Content\"";
				DEVELOPMENT_TEAM = 7S5MP9M957;
				ENABLE_PREVIEWS = YES;
				GENERATE_INFOPLIST_FILE = YES;
				INFOPLIST_KEY_UIApplicationSceneManifest_Generation = YES;
				INFOPLIST_KEY_UIApplicationSupportsIndirectInputEvents = YES;
				INFOPLIST_KEY_UILaunchScreen_Generation = YES;
				INFOPLIST_KEY_UISupportedInterfaceOrientations_iPad = "UIInterfaceOrientationPortrait UIInterfaceOrientationPortraitUpsideDown UIInterfaceOrientationLandscapeLeft UIInterfaceOrientationLandscapeRight";
				INFOPLIST_KEY_UISupportedInterfaceOrientations_iPhone = "UIInterfaceOrientationPortrait UIInterfaceOrientationLandscapeLeft UIInterfaceOrientationLandscapeRight";
				LD_RUNPATH_SEARCH_PATHS = (
					"$(inherited)",
					"@executable_path/Frameworks",
				);
				MARKETING_VERSION = 1.0;
				PRODUCT_BUNDLE_IDENTIFIER = twq.Final;
				PRODUCT_NAME = "$(TARGET_NAME)";
				SWIFT_EMIT_LOC_STRINGS = YES;
				SWIFT_VERSION = 5.0;
				TARGETED_DEVICE_FAMILY = "1,2";
			};
			name = Release;
		};
		8F84EFFB294DE52A00071664 /* Debug */ = {
			isa = XCBuildConfiguration;
			buildSettings = {
				ALWAYS_EMBED_SWIFT_STANDARD_LIBRARIES = YES;
				BUNDLE_LOADER = "$(TEST_HOST)";
				CODE_SIGN_STYLE = Automatic;
				CURRENT_PROJECT_VERSION = 1;
				DEVELOPMENT_TEAM = 7S5MP9M957;
				GENERATE_INFOPLIST_FILE = YES;
				IPHONEOS_DEPLOYMENT_TARGET = 16.2;
				MARKETING_VERSION = 1.0;
				PRODUCT_BUNDLE_IDENTIFIER = twq.FinalTests;
				PRODUCT_NAME = "$(TARGET_NAME)";
				SWIFT_EMIT_LOC_STRINGS = NO;
				SWIFT_VERSION = 5.0;
				TARGETED_DEVICE_FAMILY = "1,2";
				TEST_HOST = "$(BUILT_PRODUCTS_DIR)/Final.app/$(BUNDLE_EXECUTABLE_FOLDER_PATH)/Final";
			};
			name = Debug;
		};
		8F84EFFC294DE52A00071664 /* Release */ = {
			isa = XCBuildConfiguration;
			buildSettings = {
				ALWAYS_EMBED_SWIFT_STANDARD_LIBRARIES = YES;
				BUNDLE_LOADER = "$(TEST_HOST)";
				CODE_SIGN_STYLE = Automatic;
				CURRENT_PROJECT_VERSION = 1;
				DEVELOPMENT_TEAM = 7S5MP9M957;
				GENERATE_INFOPLIST_FILE = YES;
				IPHONEOS_DEPLOYMENT_TARGET = 16.2;
				MARKETING_VERSION = 1.0;
				PRODUCT_BUNDLE_IDENTIFIER = twq.FinalTests;
				PRODUCT_NAME = "$(TARGET_NAME)";
				SWIFT_EMIT_LOC_STRINGS = NO;
				SWIFT_VERSION = 5.0;
				TARGETED_DEVICE_FAMILY = "1,2";
				TEST_HOST = "$(BUILT_PRODUCTS_DIR)/Final.app/$(BUNDLE_EXECUTABLE_FOLDER_PATH)/Final";
			};
			name = Release;
		};
		8F84EFFE294DE52A00071664 /* Debug */ = {
			isa = XCBuildConfiguration;
			buildSettings = {
				ALWAYS_EMBED_SWIFT_STANDARD_LIBRARIES = YES;
				CODE_SIGN_STYLE = Automatic;
				CURRENT_PROJECT_VERSION = 1;
				DEVELOPMENT_TEAM = 7S5MP9M957;
				GENERATE_INFOPLIST_FILE = YES;
				MARKETING_VERSION = 1.0;
				PRODUCT_BUNDLE_IDENTIFIER = twq.FinalUITests;
				PRODUCT_NAME = "$(TARGET_NAME)";
				SWIFT_EMIT_LOC_STRINGS = NO;
				SWIFT_VERSION = 5.0;
				TARGETED_DEVICE_FAMILY = "1,2";
				TEST_TARGET_NAME = Final;
			};
			name = Debug;
		};
		8F84EFFF294DE52A00071664 /* Release */ = {
			isa = XCBuildConfiguration;
			buildSettings = {
				ALWAYS_EMBED_SWIFT_STANDARD_LIBRARIES = YES;
				CODE_SIGN_STYLE = Automatic;
				CURRENT_PROJECT_VERSION = 1;
				DEVELOPMENT_TEAM = 7S5MP9M957;
				GENERATE_INFOPLIST_FILE = YES;
				MARKETING_VERSION = 1.0;
				PRODUCT_BUNDLE_IDENTIFIER = twq.FinalUITests;
				PRODUCT_NAME = "$(TARGET_NAME)";
				SWIFT_EMIT_LOC_STRINGS = NO;
				SWIFT_VERSION = 5.0;
				TARGETED_DEVICE_FAMILY = "1,2";
				TEST_TARGET_NAME = Final;
			};
			name = Release;
		};
/* End XCBuildConfiguration section */

/* Begin XCConfigurationList section */
		8F84EFC9294DE52900071664 /* Build configuration list for PBXProject "Final" */ = {
			isa = XCConfigurationList;
			buildConfigurations = (
				8F84EFF5294DE52A00071664 /* Debug */,
				8F84EFF6294DE52A00071664 /* Release */,
			);
			defaultConfigurationIsVisible = 0;
			defaultConfigurationName = Release;
		};
		8F84EFF7294DE52A00071664 /* Build configuration list for PBXNativeTarget "Final" */ = {
			isa = XCConfigurationList;
			buildConfigurations = (
				8F84EFF8294DE52A00071664 /* Debug */,
				8F84EFF9294DE52A00071664 /* Release */,
			);
			defaultConfigurationIsVisible = 0;
			defaultConfigurationName = Release;
		};
		8F84EFFA294DE52A00071664 /* Build configuration list for PBXNativeTarget "FinalTests" */ = {
			isa = XCConfigurationList;
			buildConfigurations = (
				8F84EFFB294DE52A00071664 /* Debug */,
				8F84EFFC294DE52A00071664 /* Release */,
			);
			defaultConfigurationIsVisible = 0;
			defaultConfigurationName = Release;
		};
		8F84EFFD294DE52A00071664 /* Build configuration list for PBXNativeTarget "FinalUITests" */ = {
			isa = XCConfigurationList;
			buildConfigurations = (
				8F84EFFE294DE52A00071664 /* Debug */,
				8F84EFFF294DE52A00071664 /* Release */,
			);
			defaultConfigurationIsVisible = 0;
			defaultConfigurationName = Release;
		};
/* End XCConfigurationList section */

/* Begin XCVersionGroup section */
		8F84EFDC294DE52900071664 /* Final.xcdatamodeld */ = {
			isa = XCVersionGroup;
			children = (
				8F84EFDD294DE52900071664 /* Final.xcdatamodel */,
			);
			currentVersion = 8F84EFDD294DE52900071664 /* Final.xcdatamodel */;
			path = Final.xcdatamodeld;
			sourceTree = "<group>";
			versionGroupType = wrapper.xcdatamodel;
		};
/* End XCVersionGroup section */
	};
	rootObject = 8F84EFC6294DE52900071664 /* Project object */;
}
